// !$*UTF8*$!
{
	archiveVersion = 1;
	classes = {
	};
	objectVersion = 56;
	objects = {

/* Begin PBXBuildFile section */
		012D46212BA3FA2800E05BC7 /* MateIntroduce.swift in Sources */ = {isa = PBXBuildFile; fileRef = 012D46202BA3FA2800E05BC7 /* MateIntroduce.swift */; };
		012D46232BA4019A00E05BC7 /* MateRecommend.swift in Sources */ = {isa = PBXBuildFile; fileRef = 012D46222BA4019A00E05BC7 /* MateRecommend.swift */; };
		012D46252BA40DA300E05BC7 /* MateBestTips.swift in Sources */ = {isa = PBXBuildFile; fileRef = 012D46242BA40DA300E05BC7 /* MateBestTips.swift */; };
		CDC064BA2BA31F8200E24F70 /* ZANIApp.swift in Sources */ = {isa = PBXBuildFile; fileRef = CDC064B92BA31F8200E24F70 /* ZANIApp.swift */; };
		CDC064BC2BA31F8200E24F70 /* ContentView.swift in Sources */ = {isa = PBXBuildFile; fileRef = CDC064BB2BA31F8200E24F70 /* ContentView.swift */; };
		CDC064BE2BA31F8300E24F70 /* Assets.xcassets in Resources */ = {isa = PBXBuildFile; fileRef = CDC064BD2BA31F8300E24F70 /* Assets.xcassets */; };
		CDC064C12BA31F8300E24F70 /* Preview Assets.xcassets in Resources */ = {isa = PBXBuildFile; fileRef = CDC064C02BA31F8300E24F70 /* Preview Assets.xcassets */; };
		CDC064CC2BA3288900E24F70 /* MateMain.swift in Sources */ = {isa = PBXBuildFile; fileRef = CDC064CB2BA3288900E24F70 /* MateMain.swift */; };
		CDC064CE2BA3289200E24F70 /* RecruitmentMain.swift in Sources */ = {isa = PBXBuildFile; fileRef = CDC064CD2BA3289200E24F70 /* RecruitmentMain.swift */; };
		CDC064D02BA3289700E24F70 /* CommunityMain.swift in Sources */ = {isa = PBXBuildFile; fileRef = CDC064CF2BA3289700E24F70 /* CommunityMain.swift */; };
		CDC064D22BA3289E00E24F70 /* MyPageMain.swift in Sources */ = {isa = PBXBuildFile; fileRef = CDC064D12BA3289E00E24F70 /* MyPageMain.swift */; };
		CDC064D52BA32A2B00E24F70 /* Color + Extension.swift in Sources */ = {isa = PBXBuildFile; fileRef = CDC064D42BA32A2B00E24F70 /* Color + Extension.swift */; };
/* End PBXBuildFile section */

/* Begin PBXFileReference section */
		012D46202BA3FA2800E05BC7 /* MateIntroduce.swift */ = {isa = PBXFileReference; lastKnownFileType = sourcecode.swift; path = MateIntroduce.swift; sourceTree = "<group>"; };
		012D46222BA4019A00E05BC7 /* MateRecommend.swift */ = {isa = PBXFileReference; lastKnownFileType = sourcecode.swift; path = MateRecommend.swift; sourceTree = "<group>"; };
		012D46242BA40DA300E05BC7 /* MateBestTips.swift */ = {isa = PBXFileReference; lastKnownFileType = sourcecode.swift; path = MateBestTips.swift; sourceTree = "<group>"; };
		CDC064B62BA31F8200E24F70 /* ZANI.app */ = {isa = PBXFileReference; explicitFileType = wrapper.application; includeInIndex = 0; path = ZANI.app; sourceTree = BUILT_PRODUCTS_DIR; };
		CDC064B92BA31F8200E24F70 /* ZANIApp.swift */ = {isa = PBXFileReference; lastKnownFileType = sourcecode.swift; path = ZANIApp.swift; sourceTree = "<group>"; };
		CDC064BB2BA31F8200E24F70 /* ContentView.swift */ = {isa = PBXFileReference; lastKnownFileType = sourcecode.swift; path = ContentView.swift; sourceTree = "<group>"; };
		CDC064BD2BA31F8300E24F70 /* Assets.xcassets */ = {isa = PBXFileReference; lastKnownFileType = folder.assetcatalog; path = Assets.xcassets; sourceTree = "<group>"; };
		CDC064C02BA31F8300E24F70 /* Preview Assets.xcassets */ = {isa = PBXFileReference; lastKnownFileType = folder.assetcatalog; path = "Preview Assets.xcassets"; sourceTree = "<group>"; };
		CDC064CB2BA3288900E24F70 /* MateMain.swift */ = {isa = PBXFileReference; lastKnownFileType = sourcecode.swift; path = MateMain.swift; sourceTree = "<group>"; };
		CDC064CD2BA3289200E24F70 /* RecruitmentMain.swift */ = {isa = PBXFileReference; lastKnownFileType = sourcecode.swift; path = RecruitmentMain.swift; sourceTree = "<group>"; };
		CDC064CF2BA3289700E24F70 /* CommunityMain.swift */ = {isa = PBXFileReference; lastKnownFileType = sourcecode.swift; path = CommunityMain.swift; sourceTree = "<group>"; };
		CDC064D12BA3289E00E24F70 /* MyPageMain.swift */ = {isa = PBXFileReference; lastKnownFileType = sourcecode.swift; path = MyPageMain.swift; sourceTree = "<group>"; };
		CDC064D42BA32A2B00E24F70 /* Color + Extension.swift */ = {isa = PBXFileReference; lastKnownFileType = sourcecode.swift; path = "Color + Extension.swift"; sourceTree = "<group>"; };
/* End PBXFileReference section */

/* Begin PBXFrameworksBuildPhase section */
		CDC064B32BA31F8200E24F70 /* Frameworks */ = {
			isa = PBXFrameworksBuildPhase;
			buildActionMask = 2147483647;
			files = (
			);
			runOnlyForDeploymentPostprocessing = 0;
		};
/* End PBXFrameworksBuildPhase section */

/* Begin PBXGroup section */
		CDC064AD2BA31F8200E24F70 = {
			isa = PBXGroup;
			children = (
				CDC064B82BA31F8200E24F70 /* ZANI */,
				CDC064B72BA31F8200E24F70 /* Products */,
			);
			sourceTree = "<group>";
		};
		CDC064B72BA31F8200E24F70 /* Products */ = {
			isa = PBXGroup;
			children = (
				CDC064B62BA31F8200E24F70 /* ZANI.app */,
			);
			name = Products;
			sourceTree = "<group>";
		};
		CDC064B82BA31F8200E24F70 /* ZANI */ = {
			isa = PBXGroup;
			children = (
				CDC064D32BA32A1E00E24F70 /* Util */,
				CDC064CA2BA3281D00E24F70 /* Mate */,
				CDC064C92BA3281C00E24F70 /* Recruitment */,
				CDC064C82BA3281A00E24F70 /* Community */,
				CDC064C72BA3281800E24F70 /* MyPage */,
				CDC064B92BA31F8200E24F70 /* ZANIApp.swift */,
				CDC064BB2BA31F8200E24F70 /* ContentView.swift */,
				CDC064BD2BA31F8300E24F70 /* Assets.xcassets */,
				CDC064BF2BA31F8300E24F70 /* Preview Content */,
			);
			path = ZANI;
			sourceTree = "<group>";
		};
		CDC064BF2BA31F8300E24F70 /* Preview Content */ = {
			isa = PBXGroup;
			children = (
				CDC064C02BA31F8300E24F70 /* Preview Assets.xcassets */,
			);
			path = "Preview Content";
			sourceTree = "<group>";
		};
		CDC064C72BA3281800E24F70 /* MyPage */ = {
			isa = PBXGroup;
			children = (
				CDC064D12BA3289E00E24F70 /* MyPageMain.swift */,
			);
			path = MyPage;
			sourceTree = "<group>";
		};
		CDC064C82BA3281A00E24F70 /* Community */ = {
			isa = PBXGroup;
			children = (
				CDC064CF2BA3289700E24F70 /* CommunityMain.swift */,
			);
			path = Community;
			sourceTree = "<group>";
		};
		CDC064C92BA3281C00E24F70 /* Recruitment */ = {
			isa = PBXGroup;
			children = (
				CDC064CD2BA3289200E24F70 /* RecruitmentMain.swift */,
			);
			path = Recruitment;
			sourceTree = "<group>";
		};
		CDC064CA2BA3281D00E24F70 /* Mate */ = {
			isa = PBXGroup;
			children = (
				CDC064CB2BA3288900E24F70 /* MateMain.swift */,
				012D46202BA3FA2800E05BC7 /* MateIntroduce.swift */,
				012D46222BA4019A00E05BC7 /* MateRecommend.swift */,
				012D46242BA40DA300E05BC7 /* MateBestTips.swift */,
			);
			path = Mate;
			sourceTree = "<group>";
		};
		CDC064D32BA32A1E00E24F70 /* Util */ = {
			isa = PBXGroup;
			children = (
				CDC064D42BA32A2B00E24F70 /* Color + Extension.swift */,
			);
			path = Util;
			sourceTree = "<group>";
		};
/* End PBXGroup section */

/* Begin PBXNativeTarget section */
		CDC064B52BA31F8200E24F70 /* ZANI */ = {
			isa = PBXNativeTarget;
			buildConfigurationList = CDC064C42BA31F8300E24F70 /* Build configuration list for PBXNativeTarget "ZANI" */;
			buildPhases = (
				CDC064B22BA31F8200E24F70 /* Sources */,
				CDC064B32BA31F8200E24F70 /* Frameworks */,
				CDC064B42BA31F8200E24F70 /* Resources */,
			);
			buildRules = (
			);
			dependencies = (
			);
			name = ZANI;
			productName = ZANI;
			productReference = CDC064B62BA31F8200E24F70 /* ZANI.app */;
			productType = "com.apple.product-type.application";
		};
/* End PBXNativeTarget section */

/* Begin PBXProject section */
		CDC064AE2BA31F8200E24F70 /* Project object */ = {
			isa = PBXProject;
			attributes = {
				BuildIndependentTargetsInParallel = 1;
				LastSwiftUpdateCheck = 1510;
				LastUpgradeCheck = 1510;
				TargetAttributes = {
					CDC064B52BA31F8200E24F70 = {
						CreatedOnToolsVersion = 15.1;
					};
				};
			};
			buildConfigurationList = CDC064B12BA31F8200E24F70 /* Build configuration list for PBXProject "ZANI" */;
			compatibilityVersion = "Xcode 14.0";
			developmentRegion = en;
			hasScannedForEncodings = 0;
			knownRegions = (
				en,
				Base,
			);
			mainGroup = CDC064AD2BA31F8200E24F70;
			productRefGroup = CDC064B72BA31F8200E24F70 /* Products */;
			projectDirPath = "";
			projectRoot = "";
			targets = (
				CDC064B52BA31F8200E24F70 /* ZANI */,
			);
		};
/* End PBXProject section */

/* Begin PBXResourcesBuildPhase section */
		CDC064B42BA31F8200E24F70 /* Resources */ = {
			isa = PBXResourcesBuildPhase;
			buildActionMask = 2147483647;
			files = (
				CDC064C12BA31F8300E24F70 /* Preview Assets.xcassets in Resources */,
				CDC064BE2BA31F8300E24F70 /* Assets.xcassets in Resources */,
			);
			runOnlyForDeploymentPostprocessing = 0;
		};
/* End PBXResourcesBuildPhase section */

/* Begin PBXSourcesBuildPhase section */
		CDC064B22BA31F8200E24F70 /* Sources */ = {
			isa = PBXSourcesBuildPhase;
			buildActionMask = 2147483647;
			files = (
				CDC064BC2BA31F8200E24F70 /* ContentView.swift in Sources */,
				CDC064D52BA32A2B00E24F70 /* Color + Extension.swift in Sources */,
				012D46212BA3FA2800E05BC7 /* MateIntroduce.swift in Sources */,
				CDC064CC2BA3288900E24F70 /* MateMain.swift in Sources */,
				012D46232BA4019A00E05BC7 /* MateRecommend.swift in Sources */,
				CDC064BA2BA31F8200E24F70 /* ZANIApp.swift in Sources */,
				012D46252BA40DA300E05BC7 /* MateBestTips.swift in Sources */,
				CDC064D22BA3289E00E24F70 /* MyPageMain.swift in Sources */,
				CDC064CE2BA3289200E24F70 /* RecruitmentMain.swift in Sources */,
				CDC064D02BA3289700E24F70 /* CommunityMain.swift in Sources */,
			);
			runOnlyForDeploymentPostprocessing = 0;
		};
/* End PBXSourcesBuildPhase section */

/* Begin XCBuildConfiguration section */
		CDC064C22BA31F8300E24F70 /* Debug */ = {
			isa = XCBuildConfiguration;
			buildSettings = {
				ALWAYS_SEARCH_USER_PATHS = NO;
				ASSETCATALOG_COMPILER_GENERATE_SWIFT_ASSET_SYMBOL_EXTENSIONS = YES;
				CLANG_ANALYZER_NONNULL = YES;
				CLANG_ANALYZER_NUMBER_OBJECT_CONVERSION = YES_AGGRESSIVE;
				CLANG_CXX_LANGUAGE_STANDARD = "gnu++20";
				CLANG_ENABLE_MODULES = YES;
				CLANG_ENABLE_OBJC_ARC = YES;
				CLANG_ENABLE_OBJC_WEAK = YES;
				CLANG_WARN_BLOCK_CAPTURE_AUTORELEASING = YES;
				CLANG_WARN_BOOL_CONVERSION = YES;
				CLANG_WARN_COMMA = YES;
				CLANG_WARN_CONSTANT_CONVERSION = YES;
				CLANG_WARN_DEPRECATED_OBJC_IMPLEMENTATIONS = YES;
				CLANG_WARN_DIRECT_OBJC_ISA_USAGE = YES_ERROR;
				CLANG_WARN_DOCUMENTATION_COMMENTS = YES;
				CLANG_WARN_EMPTY_BODY = YES;
				CLANG_WARN_ENUM_CONVERSION = YES;
				CLANG_WARN_INFINITE_RECURSION = YES;
				CLANG_WARN_INT_CONVERSION = YES;
				CLANG_WARN_NON_LITERAL_NULL_CONVERSION = YES;
				CLANG_WARN_OBJC_IMPLICIT_RETAIN_SELF = YES;
				CLANG_WARN_OBJC_LITERAL_CONVERSION = YES;
				CLANG_WARN_OBJC_ROOT_CLASS = YES_ERROR;
				CLANG_WARN_QUOTED_INCLUDE_IN_FRAMEWORK_HEADER = YES;
				CLANG_WARN_RANGE_LOOP_ANALYSIS = YES;
				CLANG_WARN_STRICT_PROTOTYPES = YES;
				CLANG_WARN_SUSPICIOUS_MOVE = YES;
				CLANG_WARN_UNGUARDED_AVAILABILITY = YES_AGGRESSIVE;
				CLANG_WARN_UNREACHABLE_CODE = YES;
				CLANG_WARN__DUPLICATE_METHOD_MATCH = YES;
				COPY_PHASE_STRIP = NO;
				DEBUG_INFORMATION_FORMAT = dwarf;
				ENABLE_STRICT_OBJC_MSGSEND = YES;
				ENABLE_TESTABILITY = YES;
				ENABLE_USER_SCRIPT_SANDBOXING = YES;
				GCC_C_LANGUAGE_STANDARD = gnu17;
				GCC_DYNAMIC_NO_PIC = NO;
				GCC_NO_COMMON_BLOCKS = YES;
				GCC_OPTIMIZATION_LEVEL = 0;
				GCC_PREPROCESSOR_DEFINITIONS = (
					"DEBUG=1",
					"$(inherited)",
				);
				GCC_WARN_64_TO_32_BIT_CONVERSION = YES;
				GCC_WARN_ABOUT_RETURN_TYPE = YES_ERROR;
				GCC_WARN_UNDECLARED_SELECTOR = YES;
				GCC_WARN_UNINITIALIZED_AUTOS = YES_AGGRESSIVE;
				GCC_WARN_UNUSED_FUNCTION = YES;
				GCC_WARN_UNUSED_VARIABLE = YES;
				IPHONEOS_DEPLOYMENT_TARGET = 17.2;
				LOCALIZATION_PREFERS_STRING_CATALOGS = YES;
				MTL_ENABLE_DEBUG_INFO = INCLUDE_SOURCE;
				MTL_FAST_MATH = YES;
				ONLY_ACTIVE_ARCH = YES;
				SDKROOT = iphoneos;
				SWIFT_ACTIVE_COMPILATION_CONDITIONS = "DEBUG $(inherited)";
				SWIFT_OPTIMIZATION_LEVEL = "-Onone";
			};
			name = Debug;
		};
		CDC064C32BA31F8300E24F70 /* Release */ = {
			isa = XCBuildConfiguration;
			buildSettings = {
				ALWAYS_SEARCH_USER_PATHS = NO;
				ASSETCATALOG_COMPILER_GENERATE_SWIFT_ASSET_SYMBOL_EXTENSIONS = YES;
				CLANG_ANALYZER_NONNULL = YES;
				CLANG_ANALYZER_NUMBER_OBJECT_CONVERSION = YES_AGGRESSIVE;
				CLANG_CXX_LANGUAGE_STANDARD = "gnu++20";
				CLANG_ENABLE_MODULES = YES;
				CLANG_ENABLE_OBJC_ARC = YES;
				CLANG_ENABLE_OBJC_WEAK = YES;
				CLANG_WARN_BLOCK_CAPTURE_AUTORELEASING = YES;
				CLANG_WARN_BOOL_CONVERSION = YES;
				CLANG_WARN_COMMA = YES;
				CLANG_WARN_CONSTANT_CONVERSION = YES;
				CLANG_WARN_DEPRECATED_OBJC_IMPLEMENTATIONS = YES;
				CLANG_WARN_DIRECT_OBJC_ISA_USAGE = YES_ERROR;
				CLANG_WARN_DOCUMENTATION_COMMENTS = YES;
				CLANG_WARN_EMPTY_BODY = YES;
				CLANG_WARN_ENUM_CONVERSION = YES;
				CLANG_WARN_INFINITE_RECURSION = YES;
				CLANG_WARN_INT_CONVERSION = YES;
				CLANG_WARN_NON_LITERAL_NULL_CONVERSION = YES;
				CLANG_WARN_OBJC_IMPLICIT_RETAIN_SELF = YES;
				CLANG_WARN_OBJC_LITERAL_CONVERSION = YES;
				CLANG_WARN_OBJC_ROOT_CLASS = YES_ERROR;
				CLANG_WARN_QUOTED_INCLUDE_IN_FRAMEWORK_HEADER = YES;
				CLANG_WARN_RANGE_LOOP_ANALYSIS = YES;
				CLANG_WARN_STRICT_PROTOTYPES = YES;
				CLANG_WARN_SUSPICIOUS_MOVE = YES;
				CLANG_WARN_UNGUARDED_AVAILABILITY = YES_AGGRESSIVE;
				CLANG_WARN_UNREACHABLE_CODE = YES;
				CLANG_WARN__DUPLICATE_METHOD_MATCH = YES;
				COPY_PHASE_STRIP = NO;
				DEBUG_INFORMATION_FORMAT = "dwarf-with-dsym";
				ENABLE_NS_ASSERTIONS = NO;
				ENABLE_STRICT_OBJC_MSGSEND = YES;
				ENABLE_USER_SCRIPT_SANDBOXING = YES;
				GCC_C_LANGUAGE_STANDARD = gnu17;
				GCC_NO_COMMON_BLOCKS = YES;
				GCC_WARN_64_TO_32_BIT_CONVERSION = YES;
				GCC_WARN_ABOUT_RETURN_TYPE = YES_ERROR;
				GCC_WARN_UNDECLARED_SELECTOR = YES;
				GCC_WARN_UNINITIALIZED_AUTOS = YES_AGGRESSIVE;
				GCC_WARN_UNUSED_FUNCTION = YES;
				GCC_WARN_UNUSED_VARIABLE = YES;
				IPHONEOS_DEPLOYMENT_TARGET = 17.2;
				LOCALIZATION_PREFERS_STRING_CATALOGS = YES;
				MTL_ENABLE_DEBUG_INFO = NO;
				MTL_FAST_MATH = YES;
				SDKROOT = iphoneos;
				SWIFT_COMPILATION_MODE = wholemodule;
				VALIDATE_PRODUCT = YES;
			};
			name = Release;
		};
		CDC064C52BA31F8300E24F70 /* Debug */ = {
			isa = XCBuildConfiguration;
			buildSettings = {
				ASSETCATALOG_COMPILER_APPICON_NAME = AppIcon;
				ASSETCATALOG_COMPILER_GLOBAL_ACCENT_COLOR_NAME = AccentColor;
				CODE_SIGN_STYLE = Automatic;
				CURRENT_PROJECT_VERSION = 1;
				DEVELOPMENT_ASSET_PATHS = "\"ZANI/Preview Content\"";
				DEVELOPMENT_TEAM = N8RU5UJH68;
				ENABLE_PREVIEWS = YES;
				GENERATE_INFOPLIST_FILE = YES;
				INFOPLIST_KEY_UIApplicationSceneManifest_Generation = YES;
				INFOPLIST_KEY_UIApplicationSupportsIndirectInputEvents = YES;
				INFOPLIST_KEY_UILaunchScreen_Generation = YES;
				INFOPLIST_KEY_UISupportedInterfaceOrientations_iPad = "UIInterfaceOrientationPortrait UIInterfaceOrientationPortraitUpsideDown UIInterfaceOrientationLandscapeLeft UIInterfaceOrientationLandscapeRight";
				INFOPLIST_KEY_UISupportedInterfaceOrientations_iPhone = "UIInterfaceOrientationPortrait UIInterfaceOrientationLandscapeLeft UIInterfaceOrientationLandscapeRight";
				LD_RUNPATH_SEARCH_PATHS = (
					"$(inherited)",
					"@executable_path/Frameworks",
				);
				MARKETING_VERSION = 1.0;
				PRODUCT_BUNDLE_IDENTIFIER = com.dohyeon.ZANI;
				PRODUCT_NAME = "$(TARGET_NAME)";
				SWIFT_EMIT_LOC_STRINGS = YES;
				SWIFT_VERSION = 5.0;
				TARGETED_DEVICE_FAMILY = "1,2";
			};
			name = Debug;
		};
		CDC064C62BA31F8300E24F70 /* Release */ = {
			isa = XCBuildConfiguration;
			buildSettings = {
				ASSETCATALOG_COMPILER_APPICON_NAME = AppIcon;
				ASSETCATALOG_COMPILER_GLOBAL_ACCENT_COLOR_NAME = AccentColor;
				CODE_SIGN_STYLE = Automatic;
				CURRENT_PROJECT_VERSION = 1;
				DEVELOPMENT_ASSET_PATHS = "\"ZANI/Preview Content\"";
				DEVELOPMENT_TEAM = N8RU5UJH68;
				ENABLE_PREVIEWS = YES;
				GENERATE_INFOPLIST_FILE = YES;
				INFOPLIST_KEY_UIApplicationSceneManifest_Generation = YES;
				INFOPLIST_KEY_UIApplicationSupportsIndirectInputEvents = YES;
				INFOPLIST_KEY_UILaunchScreen_Generation = YES;
				INFOPLIST_KEY_UISupportedInterfaceOrientations_iPad = "UIInterfaceOrientationPortrait UIInterfaceOrientationPortraitUpsideDown UIInterfaceOrientationLandscapeLeft UIInterfaceOrientationLandscapeRight";
				INFOPLIST_KEY_UISupportedInterfaceOrientations_iPhone = "UIInterfaceOrientationPortrait UIInterfaceOrientationLandscapeLeft UIInterfaceOrientationLandscapeRight";
				LD_RUNPATH_SEARCH_PATHS = (
					"$(inherited)",
					"@executable_path/Frameworks",
				);
				MARKETING_VERSION = 1.0;
				PRODUCT_BUNDLE_IDENTIFIER = com.dohyeon.ZANI;
				PRODUCT_NAME = "$(TARGET_NAME)";
				SWIFT_EMIT_LOC_STRINGS = YES;
				SWIFT_VERSION = 5.0;
				TARGETED_DEVICE_FAMILY = "1,2";
			};
			name = Release;
		};
/* End XCBuildConfiguration section */

/* Begin XCConfigurationList section */
		CDC064B12BA31F8200E24F70 /* Build configuration list for PBXProject "ZANI" */ = {
			isa = XCConfigurationList;
			buildConfigurations = (
				CDC064C22BA31F8300E24F70 /* Debug */,
				CDC064C32BA31F8300E24F70 /* Release */,
			);
			defaultConfigurationIsVisible = 0;
			defaultConfigurationName = Release;
		};
		CDC064C42BA31F8300E24F70 /* Build configuration list for PBXNativeTarget "ZANI" */ = {
			isa = XCConfigurationList;
			buildConfigurations = (
				CDC064C52BA31F8300E24F70 /* Debug */,
				CDC064C62BA31F8300E24F70 /* Release */,
			);
			defaultConfigurationIsVisible = 0;
			defaultConfigurationName = Release;
		};
/* End XCConfigurationList section */
	};
	rootObject = CDC064AE2BA31F8200E24F70 /* Project object */;
}
