// !$*UTF8*$!
{
	archiveVersion = 1;
	classes = {
	};
	objectVersion = 56;
	objects = {

/* Begin PBXBuildFile section */
		CD25EBD22BA8A70300A36B3A /* FilterCategory.swift in Sources */ = {isa = PBXBuildFile; fileRef = CD25EBD12BA8A70300A36B3A /* FilterCategory.swift */; };
		CD25EBD52BA951B500A36B3A /* AuthMainView.swift in Sources */ = {isa = PBXBuildFile; fileRef = CD25EBD42BA951B500A36B3A /* AuthMainView.swift */; };
		CD25EBD92BA958E600A36B3A /* LoginType.swift in Sources */ = {isa = PBXBuildFile; fileRef = CD25EBD82BA958E600A36B3A /* LoginType.swift */; };
		CD25EBDB2BA959FC00A36B3A /* AuthTextField.swift in Sources */ = {isa = PBXBuildFile; fileRef = CD25EBDA2BA959FC00A36B3A /* AuthTextField.swift */; };
		CD25EBDD2BA96D0900A36B3A /* AuthPageManager.swift in Sources */ = {isa = PBXBuildFile; fileRef = CD25EBDC2BA96D0900A36B3A /* AuthPageManager.swift */; };
		CD25EBDF2BA96DAC00A36B3A /* SignUpView.swift in Sources */ = {isa = PBXBuildFile; fileRef = CD25EBDE2BA96DAC00A36B3A /* SignUpView.swift */; };
		CD25EBE12BA9760700A36B3A /* AuthTextFieldType.swift in Sources */ = {isa = PBXBuildFile; fileRef = CD25EBE02BA9760700A36B3A /* AuthTextFieldType.swift */; };
		CD25EBE32BA97ECE00A36B3A /* SignUpDoneView.swift in Sources */ = {isa = PBXBuildFile; fileRef = CD25EBE22BA97ECE00A36B3A /* SignUpDoneView.swift */; };
		CD25EBE72BA9807A00A36B3A /* SignInView.swift in Sources */ = {isa = PBXBuildFile; fileRef = CD25EBE62BA9807A00A36B3A /* SignInView.swift */; };
		CD25EBEA2BAAD8C400A36B3A /* MyPageCalendarView.swift in Sources */ = {isa = PBXBuildFile; fileRef = CD25EBE92BAAD8C400A36B3A /* MyPageCalendarView.swift */; };
		CD25EBEC2BAB02C200A36B3A /* ChangeNicknameView.swift in Sources */ = {isa = PBXBuildFile; fileRef = CD25EBEB2BAB02C200A36B3A /* ChangeNicknameView.swift */; };
		CD25EBEE2BAB051400A36B3A /* MyPagePageManager.swift in Sources */ = {isa = PBXBuildFile; fileRef = CD25EBED2BAB051400A36B3A /* MyPagePageManager.swift */; };
		CD25EBF02BAB08AB00A36B3A /* MateListView.swift in Sources */ = {isa = PBXBuildFile; fileRef = CD25EBEF2BAB08AB00A36B3A /* MateListView.swift */; };
		CD25EBF22BAB0F2600A36B3A /* MateDetailView.swift in Sources */ = {isa = PBXBuildFile; fileRef = CD25EBF12BAB0F2600A36B3A /* MateDetailView.swift */; };
		CD25EBF42BAB166100A36B3A /* MoonLevel.swift in Sources */ = {isa = PBXBuildFile; fileRef = CD25EBF32BAB166100A36B3A /* MoonLevel.swift */; };
		CD25EC0C2BAC6D1500A36B3A /* Pretendard-Regular.otf in Resources */ = {isa = PBXBuildFile; fileRef = CD25EC032BAC6D1400A36B3A /* Pretendard-Regular.otf */; };
		CD25EC0D2BAC6D1500A36B3A /* Pretendard-ExtraBold.otf in Resources */ = {isa = PBXBuildFile; fileRef = CD25EC042BAC6D1400A36B3A /* Pretendard-ExtraBold.otf */; };
		CD25EC0E2BAC6D1500A36B3A /* Pretendard-ExtraLight.otf in Resources */ = {isa = PBXBuildFile; fileRef = CD25EC052BAC6D1400A36B3A /* Pretendard-ExtraLight.otf */; };
		CD25EC0F2BAC6D1500A36B3A /* Pretendard-Light.otf in Resources */ = {isa = PBXBuildFile; fileRef = CD25EC062BAC6D1400A36B3A /* Pretendard-Light.otf */; };
		CD25EC102BAC6D1500A36B3A /* Pretendard-Medium.otf in Resources */ = {isa = PBXBuildFile; fileRef = CD25EC072BAC6D1400A36B3A /* Pretendard-Medium.otf */; };
		CD25EC112BAC6D1500A36B3A /* Pretendard-Black.otf in Resources */ = {isa = PBXBuildFile; fileRef = CD25EC082BAC6D1400A36B3A /* Pretendard-Black.otf */; };
		CD25EC122BAC6D1500A36B3A /* Pretendard-SemiBold.otf in Resources */ = {isa = PBXBuildFile; fileRef = CD25EC092BAC6D1500A36B3A /* Pretendard-SemiBold.otf */; };
		CD25EC132BAC6D1500A36B3A /* Pretendard-Thin.otf in Resources */ = {isa = PBXBuildFile; fileRef = CD25EC0A2BAC6D1500A36B3A /* Pretendard-Thin.otf */; };
		CD25EC142BAC6D1500A36B3A /* Pretendard-Bold.otf in Resources */ = {isa = PBXBuildFile; fileRef = CD25EC0B2BAC6D1500A36B3A /* Pretendard-Bold.otf */; };
		CD25EC172BAC993600A36B3A /* KakaoSDK in Frameworks */ = {isa = PBXBuildFile; productRef = CD25EC162BAC993600A36B3A /* KakaoSDK */; };
		CD25EC192BAC993600A36B3A /* KakaoSDKAuth in Frameworks */ = {isa = PBXBuildFile; productRef = CD25EC182BAC993600A36B3A /* KakaoSDKAuth */; };
		CD25EC1B2BAC993600A36B3A /* KakaoSDKCert in Frameworks */ = {isa = PBXBuildFile; productRef = CD25EC1A2BAC993600A36B3A /* KakaoSDKCert */; };
		CD25EC1D2BAC993600A36B3A /* KakaoSDKCertCore in Frameworks */ = {isa = PBXBuildFile; productRef = CD25EC1C2BAC993600A36B3A /* KakaoSDKCertCore */; };
		CD25EC1F2BAC993600A36B3A /* KakaoSDKCommon in Frameworks */ = {isa = PBXBuildFile; productRef = CD25EC1E2BAC993600A36B3A /* KakaoSDKCommon */; };
		CD25EC212BAC993600A36B3A /* KakaoSDKFriend in Frameworks */ = {isa = PBXBuildFile; productRef = CD25EC202BAC993600A36B3A /* KakaoSDKFriend */; };
		CD25EC232BAC993600A36B3A /* KakaoSDKFriendCore in Frameworks */ = {isa = PBXBuildFile; productRef = CD25EC222BAC993600A36B3A /* KakaoSDKFriendCore */; };
		CD25EC252BAC993600A36B3A /* KakaoSDKNavi in Frameworks */ = {isa = PBXBuildFile; productRef = CD25EC242BAC993600A36B3A /* KakaoSDKNavi */; };
		CD25EC272BAC993600A36B3A /* KakaoSDKShare in Frameworks */ = {isa = PBXBuildFile; productRef = CD25EC262BAC993600A36B3A /* KakaoSDKShare */; };
		CD25EC292BAC993600A36B3A /* KakaoSDKTalk in Frameworks */ = {isa = PBXBuildFile; productRef = CD25EC282BAC993600A36B3A /* KakaoSDKTalk */; };
		CD25EC2B2BAC993600A36B3A /* KakaoSDKTemplate in Frameworks */ = {isa = PBXBuildFile; productRef = CD25EC2A2BAC993600A36B3A /* KakaoSDKTemplate */; };
		CD25EC2D2BAC993600A36B3A /* KakaoSDKUser in Frameworks */ = {isa = PBXBuildFile; productRef = CD25EC2C2BAC993600A36B3A /* KakaoSDKUser */; };
		CD25EC302BAC9CD900A36B3A /* AppDelegate.swift in Sources */ = {isa = PBXBuildFile; fileRef = CD25EC2F2BAC9CD900A36B3A /* AppDelegate.swift */; };
		CD25EC322BAC9E0000A36B3A /* SceneDelegate.swift in Sources */ = {isa = PBXBuildFile; fileRef = CD25EC312BAC9E0000A36B3A /* SceneDelegate.swift */; };
		CD25EC342BACA05100A36B3A /* LoginManager.swift in Sources */ = {isa = PBXBuildFile; fileRef = CD25EC332BACA05100A36B3A /* LoginManager.swift */; };
		CD3AA6C62BB693C900C589B8 /* MateMain.swift in Sources */ = {isa = PBXBuildFile; fileRef = CD3AA6C52BB693C900C589B8 /* MateMain.swift */; };
		CD3AA6C82BB6A1E200C589B8 /* RecruitTeamCapsule.swift in Sources */ = {isa = PBXBuildFile; fileRef = CD3AA6C72BB6A1E200C589B8 /* RecruitTeamCapsule.swift */; };
		CD3AA6CA2BB6A88B00C589B8 /* NightWaitingView.swift in Sources */ = {isa = PBXBuildFile; fileRef = CD3AA6C92BB6A88B00C589B8 /* NightWaitingView.swift */; };
		CD3AA6CC2BB6B06300C589B8 /* NightDisplayType.swift in Sources */ = {isa = PBXBuildFile; fileRef = CD3AA6CB2BB6B06300C589B8 /* NightDisplayType.swift */; };
		CD3AA6CE2BB6B76C00C589B8 /* NightMateListView.swift in Sources */ = {isa = PBXBuildFile; fileRef = CD3AA6CD2BB6B76C00C589B8 /* NightMateListView.swift */; };
		CD6AAE2D2BAD206000862A46 /* BaseURL.swift in Sources */ = {isa = PBXBuildFile; fileRef = CD6AAE2C2BAD206000862A46 /* BaseURL.swift */; };
		CD6AAE3C2BAD338A00862A46 /* GeneralResponse.swift in Sources */ = {isa = PBXBuildFile; fileRef = CD6AAE3B2BAD338A00862A46 /* GeneralResponse.swift */; };
		CD6AAE3E2BAD33CE00862A46 /* NetworkResult.swift in Sources */ = {isa = PBXBuildFile; fileRef = CD6AAE3D2BAD33CE00862A46 /* NetworkResult.swift */; };
		CD6AAE402BAD33EC00862A46 /* SignUpDTO.swift in Sources */ = {isa = PBXBuildFile; fileRef = CD6AAE3F2BAD33EC00862A46 /* SignUpDTO.swift */; };
		CD6AAE432BAD59D300862A46 /* UserService.swift in Sources */ = {isa = PBXBuildFile; fileRef = CD6AAE422BAD59D300862A46 /* UserService.swift */; };
		CD6AAE452BAD5D2100862A46 /* UserInfoDTO.swift in Sources */ = {isa = PBXBuildFile; fileRef = CD6AAE442BAD5D2100862A46 /* UserInfoDTO.swift */; };
		CD6AAE472BAD73FB00862A46 /* BaseRouter.swift in Sources */ = {isa = PBXBuildFile; fileRef = CD6AAE462BAD73FA00862A46 /* BaseRouter.swift */; };
		CD6AAE492BAD74B100862A46 /* AuthRouter.swift in Sources */ = {isa = PBXBuildFile; fileRef = CD6AAE482BAD74B100862A46 /* AuthRouter.swift */; };
		CD6AAE4B2BAD74DD00862A46 /* AuthService.swift in Sources */ = {isa = PBXBuildFile; fileRef = CD6AAE4A2BAD74DD00862A46 /* AuthService.swift */; };
		CD6AAE4D2BAD7A2100862A46 /* BaseService.swift in Sources */ = {isa = PBXBuildFile; fileRef = CD6AAE4C2BAD7A2100862A46 /* BaseService.swift */; };
		CD6AAE4F2BAD7BFB00862A46 /* UserRouter.swift in Sources */ = {isa = PBXBuildFile; fileRef = CD6AAE4E2BAD7BFB00862A46 /* UserRouter.swift */; };
		CD6AAE522BAD865C00862A46 /* TeamRouter.swift in Sources */ = {isa = PBXBuildFile; fileRef = CD6AAE512BAD865C00862A46 /* TeamRouter.swift */; };
		CD6AAE542BAD866400862A46 /* TeamService.swift in Sources */ = {isa = PBXBuildFile; fileRef = CD6AAE532BAD866400862A46 /* TeamService.swift */; };
		CD6AAE572BAD885700862A46 /* TeamListDTO.swift in Sources */ = {isa = PBXBuildFile; fileRef = CD6AAE562BAD885700862A46 /* TeamListDTO.swift */; };
		CD6AAE592BAD88FB00862A46 /* RecruitmentManager.swift in Sources */ = {isa = PBXBuildFile; fileRef = CD6AAE582BAD88FB00862A46 /* RecruitmentManager.swift */; };
		CD6AAE5F2BADC93700862A46 /* TeamDetailView.swift in Sources */ = {isa = PBXBuildFile; fileRef = CD6AAE5E2BADC93700862A46 /* TeamDetailView.swift */; };
		CDC064BA2BA31F8200E24F70 /* ZANIApp.swift in Sources */ = {isa = PBXBuildFile; fileRef = CDC064B92BA31F8200E24F70 /* ZANIApp.swift */; };
		CDC064BC2BA31F8200E24F70 /* ContentView.swift in Sources */ = {isa = PBXBuildFile; fileRef = CDC064BB2BA31F8200E24F70 /* ContentView.swift */; };
		CDC064BE2BA31F8300E24F70 /* Assets.xcassets in Resources */ = {isa = PBXBuildFile; fileRef = CDC064BD2BA31F8300E24F70 /* Assets.xcassets */; };
		CDC064C12BA31F8300E24F70 /* Preview Assets.xcassets in Resources */ = {isa = PBXBuildFile; fileRef = CDC064C02BA31F8300E24F70 /* Preview Assets.xcassets */; };
		CDC064CE2BA3289200E24F70 /* RecruitmentMain.swift in Sources */ = {isa = PBXBuildFile; fileRef = CDC064CD2BA3289200E24F70 /* RecruitmentMain.swift */; };
		CDC064D02BA3289700E24F70 /* CommunityMain.swift in Sources */ = {isa = PBXBuildFile; fileRef = CDC064CF2BA3289700E24F70 /* CommunityMain.swift */; };
		CDC064D22BA3289E00E24F70 /* MyPageMain.swift in Sources */ = {isa = PBXBuildFile; fileRef = CDC064D12BA3289E00E24F70 /* MyPageMain.swift */; };
		CDC064D92BA37D9A00E24F70 /* ZaniCapsuleButton.swift in Sources */ = {isa = PBXBuildFile; fileRef = CDC064D82BA37D9A00E24F70 /* ZaniCapsuleButton.swift */; };
		CDC064DB2BA37F0700E24F70 /* CreateTeamView.swift in Sources */ = {isa = PBXBuildFile; fileRef = CDC064DA2BA37F0700E24F70 /* CreateTeamView.swift */; };
		CDC064DD2BA387E900E24F70 /* ZaniTextField.swift in Sources */ = {isa = PBXBuildFile; fileRef = CDC064DC2BA387E900E24F70 /* ZaniTextField.swift */; };
		CDC064DF2BA3892D00E24F70 /* ZaniMainButton.swift in Sources */ = {isa = PBXBuildFile; fileRef = CDC064DE2BA3892D00E24F70 /* ZaniMainButton.swift */; };
		CDC064E12BA38B1900E24F70 /* ZaniNavigationBar.swift in Sources */ = {isa = PBXBuildFile; fileRef = CDC064E02BA38B1900E24F70 /* ZaniNavigationBar.swift */; };
		CDC064E62BA38F9B00E24F70 /* RecruitmentPageManager.swift in Sources */ = {isa = PBXBuildFile; fileRef = CDC064E52BA38F9B00E24F70 /* RecruitmentPageManager.swift */; };
		CDC064FC2BA46B7700E24F70 /* Font + Utils.swift in Sources */ = {isa = PBXBuildFile; fileRef = CDC064FB2BA46B7700E24F70 /* Font + Utils.swift */; };
		CDC064FE2BA4795600E24F70 /* View + Placeholder.swift in Sources */ = {isa = PBXBuildFile; fileRef = CDC064FD2BA4795600E24F70 /* View + Placeholder.swift */; };
		CDC065002BA4809000E24F70 /* SectionListView.swift in Sources */ = {isa = PBXBuildFile; fileRef = CDC064FF2BA4809000E24F70 /* SectionListView.swift */; };
		CDC065032BA4C98100E24F70 /* CreateTeamSection.swift in Sources */ = {isa = PBXBuildFile; fileRef = CDC065022BA4C98100E24F70 /* CreateTeamSection.swift */; };
		CDC065172BA4CB2A00E24F70 /* FilterView.swift in Sources */ = {isa = PBXBuildFile; fileRef = CDC065162BA4CB2A00E24F70 /* FilterView.swift */; };
		CDC88D252BAE9D49003E34AA /* MyPageRouter.swift in Sources */ = {isa = PBXBuildFile; fileRef = CDC88D242BAE9D49003E34AA /* MyPageRouter.swift */; };
		CDC88D272BAE9D5C003E34AA /* MyPageService.swift in Sources */ = {isa = PBXBuildFile; fileRef = CDC88D262BAE9D5C003E34AA /* MyPageService.swift */; };
		CDC88D2B2BAEA22E003E34AA /* MyPageManager.swift in Sources */ = {isa = PBXBuildFile; fileRef = CDC88D2A2BAEA22E003E34AA /* MyPageManager.swift */; };
		CDC88D2D2BAEA577003E34AA /* FollowingRouter.swift in Sources */ = {isa = PBXBuildFile; fileRef = CDC88D2C2BAEA577003E34AA /* FollowingRouter.swift */; };
		CDC88D2F2BAEAADF003E34AA /* FollowingService.swift in Sources */ = {isa = PBXBuildFile; fileRef = CDC88D2E2BAEAADF003E34AA /* FollowingService.swift */; };
		CDC88D322BAEACB1003E34AA /* FollowListDTO.swift in Sources */ = {isa = PBXBuildFile; fileRef = CDC88D312BAEACB1003E34AA /* FollowListDTO.swift */; };
		CDC88D342BAEC0D4003E34AA /* AllNightersRouter.swift in Sources */ = {isa = PBXBuildFile; fileRef = CDC88D332BAEC0D4003E34AA /* AllNightersRouter.swift */; };
		CDC88D362BAEC0DB003E34AA /* AllNightersService.swift in Sources */ = {isa = PBXBuildFile; fileRef = CDC88D352BAEC0DB003E34AA /* AllNightersService.swift */; };
		CDC88D382BAEC4CE003E34AA /* AllNightSummaryDTO.swift in Sources */ = {isa = PBXBuildFile; fileRef = CDC88D372BAEC4CE003E34AA /* AllNightSummaryDTO.swift */; };
		CDCB74EA2BAF512D008D6B63 /* StompClientManager.swift in Sources */ = {isa = PBXBuildFile; fileRef = CDCB74E92BAF512D008D6B63 /* StompClientManager.swift */; };
		CDCB74ED2BAF516B008D6B63 /* Starscream in Frameworks */ = {isa = PBXBuildFile; productRef = CDCB74EC2BAF516B008D6B63 /* Starscream */; };
		CDCB74EF2BAF6619008D6B63 /* ChattingMain.swift in Sources */ = {isa = PBXBuildFile; fileRef = CDCB74EE2BAF6619008D6B63 /* ChattingMain.swift */; };
		CDCB74F12BAF6A78008D6B63 /* ChattingRouter.swift in Sources */ = {isa = PBXBuildFile; fileRef = CDCB74F02BAF6A78008D6B63 /* ChattingRouter.swift */; };
		CDCB74F32BAF6B25008D6B63 /* ChattingService.swift in Sources */ = {isa = PBXBuildFile; fileRef = CDCB74F22BAF6B25008D6B63 /* ChattingService.swift */; };
		CDCB74F52BAF6B93008D6B63 /* ChatDTO.swift in Sources */ = {isa = PBXBuildFile; fileRef = CDCB74F42BAF6B93008D6B63 /* ChatDTO.swift */; };
		CDCB74F72BAF6F81008D6B63 /* ChattingManager.swift in Sources */ = {isa = PBXBuildFile; fileRef = CDCB74F62BAF6F81008D6B63 /* ChattingManager.swift */; };
		CDD706FF2BACAA3A00AEC4B8 /* Alamofire in Frameworks */ = {isa = PBXBuildFile; productRef = CDD706FE2BACAA3A00AEC4B8 /* Alamofire */; };
/* End PBXBuildFile section */

/* Begin PBXFileReference section */
		012382D02BAF66770048CC2D /* AccessKeys.xcconfig */ = {isa = PBXFileReference; lastKnownFileType = text.xcconfig; path = AccessKeys.xcconfig; sourceTree = "<group>"; };
		CD25EBD12BA8A70300A36B3A /* FilterCategory.swift */ = {isa = PBXFileReference; lastKnownFileType = sourcecode.swift; path = FilterCategory.swift; sourceTree = "<group>"; };
		CD25EBD42BA951B500A36B3A /* AuthMainView.swift */ = {isa = PBXFileReference; lastKnownFileType = sourcecode.swift; path = AuthMainView.swift; sourceTree = "<group>"; };
		CD25EBD82BA958E600A36B3A /* LoginType.swift */ = {isa = PBXFileReference; lastKnownFileType = sourcecode.swift; path = LoginType.swift; sourceTree = "<group>"; };
		CD25EBDA2BA959FC00A36B3A /* AuthTextField.swift */ = {isa = PBXFileReference; lastKnownFileType = sourcecode.swift; path = AuthTextField.swift; sourceTree = "<group>"; };
		CD25EBDC2BA96D0900A36B3A /* AuthPageManager.swift */ = {isa = PBXFileReference; lastKnownFileType = sourcecode.swift; path = AuthPageManager.swift; sourceTree = "<group>"; };
		CD25EBDE2BA96DAC00A36B3A /* SignUpView.swift */ = {isa = PBXFileReference; lastKnownFileType = sourcecode.swift; path = SignUpView.swift; sourceTree = "<group>"; };
		CD25EBE02BA9760700A36B3A /* AuthTextFieldType.swift */ = {isa = PBXFileReference; lastKnownFileType = sourcecode.swift; path = AuthTextFieldType.swift; sourceTree = "<group>"; };
		CD25EBE22BA97ECE00A36B3A /* SignUpDoneView.swift */ = {isa = PBXFileReference; lastKnownFileType = sourcecode.swift; path = SignUpDoneView.swift; sourceTree = "<group>"; };
		CD25EBE62BA9807A00A36B3A /* SignInView.swift */ = {isa = PBXFileReference; lastKnownFileType = sourcecode.swift; path = SignInView.swift; sourceTree = "<group>"; };
		CD25EBE92BAAD8C400A36B3A /* MyPageCalendarView.swift */ = {isa = PBXFileReference; lastKnownFileType = sourcecode.swift; path = MyPageCalendarView.swift; sourceTree = "<group>"; };
		CD25EBEB2BAB02C200A36B3A /* ChangeNicknameView.swift */ = {isa = PBXFileReference; lastKnownFileType = sourcecode.swift; path = ChangeNicknameView.swift; sourceTree = "<group>"; };
		CD25EBED2BAB051400A36B3A /* MyPagePageManager.swift */ = {isa = PBXFileReference; lastKnownFileType = sourcecode.swift; path = MyPagePageManager.swift; sourceTree = "<group>"; };
		CD25EBEF2BAB08AB00A36B3A /* MateListView.swift */ = {isa = PBXFileReference; lastKnownFileType = sourcecode.swift; path = MateListView.swift; sourceTree = "<group>"; };
		CD25EBF12BAB0F2600A36B3A /* MateDetailView.swift */ = {isa = PBXFileReference; lastKnownFileType = sourcecode.swift; path = MateDetailView.swift; sourceTree = "<group>"; };
		CD25EBF32BAB166100A36B3A /* MoonLevel.swift */ = {isa = PBXFileReference; lastKnownFileType = sourcecode.swift; path = MoonLevel.swift; sourceTree = "<group>"; };
		CD25EC032BAC6D1400A36B3A /* Pretendard-Regular.otf */ = {isa = PBXFileReference; lastKnownFileType = file; path = "Pretendard-Regular.otf"; sourceTree = "<group>"; };
		CD25EC042BAC6D1400A36B3A /* Pretendard-ExtraBold.otf */ = {isa = PBXFileReference; lastKnownFileType = file; path = "Pretendard-ExtraBold.otf"; sourceTree = "<group>"; };
		CD25EC052BAC6D1400A36B3A /* Pretendard-ExtraLight.otf */ = {isa = PBXFileReference; lastKnownFileType = file; path = "Pretendard-ExtraLight.otf"; sourceTree = "<group>"; };
		CD25EC062BAC6D1400A36B3A /* Pretendard-Light.otf */ = {isa = PBXFileReference; lastKnownFileType = file; path = "Pretendard-Light.otf"; sourceTree = "<group>"; };
		CD25EC072BAC6D1400A36B3A /* Pretendard-Medium.otf */ = {isa = PBXFileReference; lastKnownFileType = file; path = "Pretendard-Medium.otf"; sourceTree = "<group>"; };
		CD25EC082BAC6D1400A36B3A /* Pretendard-Black.otf */ = {isa = PBXFileReference; lastKnownFileType = file; path = "Pretendard-Black.otf"; sourceTree = "<group>"; };
		CD25EC092BAC6D1500A36B3A /* Pretendard-SemiBold.otf */ = {isa = PBXFileReference; lastKnownFileType = file; path = "Pretendard-SemiBold.otf"; sourceTree = "<group>"; };
		CD25EC0A2BAC6D1500A36B3A /* Pretendard-Thin.otf */ = {isa = PBXFileReference; lastKnownFileType = file; path = "Pretendard-Thin.otf"; sourceTree = "<group>"; };
		CD25EC0B2BAC6D1500A36B3A /* Pretendard-Bold.otf */ = {isa = PBXFileReference; lastKnownFileType = file; path = "Pretendard-Bold.otf"; sourceTree = "<group>"; };
		CD25EC2F2BAC9CD900A36B3A /* AppDelegate.swift */ = {isa = PBXFileReference; lastKnownFileType = sourcecode.swift; path = AppDelegate.swift; sourceTree = "<group>"; };
		CD25EC312BAC9E0000A36B3A /* SceneDelegate.swift */ = {isa = PBXFileReference; lastKnownFileType = sourcecode.swift; path = SceneDelegate.swift; sourceTree = "<group>"; };
		CD25EC332BACA05100A36B3A /* LoginManager.swift */ = {isa = PBXFileReference; lastKnownFileType = sourcecode.swift; path = LoginManager.swift; sourceTree = "<group>"; };
		CD3AA6C52BB693C900C589B8 /* MateMain.swift */ = {isa = PBXFileReference; lastKnownFileType = sourcecode.swift; path = MateMain.swift; sourceTree = "<group>"; };
		CD3AA6C72BB6A1E200C589B8 /* RecruitTeamCapsule.swift */ = {isa = PBXFileReference; lastKnownFileType = sourcecode.swift; path = RecruitTeamCapsule.swift; sourceTree = "<group>"; };
		CD3AA6C92BB6A88B00C589B8 /* NightWaitingView.swift */ = {isa = PBXFileReference; lastKnownFileType = sourcecode.swift; path = NightWaitingView.swift; sourceTree = "<group>"; };
		CD3AA6CB2BB6B06300C589B8 /* NightDisplayType.swift */ = {isa = PBXFileReference; lastKnownFileType = sourcecode.swift; path = NightDisplayType.swift; sourceTree = "<group>"; };
		CD3AA6CD2BB6B76C00C589B8 /* NightMateListView.swift */ = {isa = PBXFileReference; lastKnownFileType = sourcecode.swift; path = NightMateListView.swift; sourceTree = "<group>"; };
		CD6AAE2C2BAD206000862A46 /* BaseURL.swift */ = {isa = PBXFileReference; lastKnownFileType = sourcecode.swift; path = BaseURL.swift; sourceTree = "<group>"; };
		CD6AAE3B2BAD338A00862A46 /* GeneralResponse.swift */ = {isa = PBXFileReference; lastKnownFileType = sourcecode.swift; path = GeneralResponse.swift; sourceTree = "<group>"; };
		CD6AAE3D2BAD33CE00862A46 /* NetworkResult.swift */ = {isa = PBXFileReference; lastKnownFileType = sourcecode.swift; path = NetworkResult.swift; sourceTree = "<group>"; };
		CD6AAE3F2BAD33EC00862A46 /* SignUpDTO.swift */ = {isa = PBXFileReference; lastKnownFileType = sourcecode.swift; path = SignUpDTO.swift; sourceTree = "<group>"; };
		CD6AAE422BAD59D300862A46 /* UserService.swift */ = {isa = PBXFileReference; lastKnownFileType = sourcecode.swift; path = UserService.swift; sourceTree = "<group>"; };
		CD6AAE442BAD5D2100862A46 /* UserInfoDTO.swift */ = {isa = PBXFileReference; lastKnownFileType = sourcecode.swift; path = UserInfoDTO.swift; sourceTree = "<group>"; };
		CD6AAE462BAD73FA00862A46 /* BaseRouter.swift */ = {isa = PBXFileReference; lastKnownFileType = sourcecode.swift; path = BaseRouter.swift; sourceTree = "<group>"; };
		CD6AAE482BAD74B100862A46 /* AuthRouter.swift */ = {isa = PBXFileReference; lastKnownFileType = sourcecode.swift; path = AuthRouter.swift; sourceTree = "<group>"; };
		CD6AAE4A2BAD74DD00862A46 /* AuthService.swift */ = {isa = PBXFileReference; lastKnownFileType = sourcecode.swift; path = AuthService.swift; sourceTree = "<group>"; };
		CD6AAE4C2BAD7A2100862A46 /* BaseService.swift */ = {isa = PBXFileReference; lastKnownFileType = sourcecode.swift; path = BaseService.swift; sourceTree = "<group>"; };
		CD6AAE4E2BAD7BFB00862A46 /* UserRouter.swift */ = {isa = PBXFileReference; lastKnownFileType = sourcecode.swift; path = UserRouter.swift; sourceTree = "<group>"; };
		CD6AAE512BAD865C00862A46 /* TeamRouter.swift */ = {isa = PBXFileReference; lastKnownFileType = sourcecode.swift; path = TeamRouter.swift; sourceTree = "<group>"; };
		CD6AAE532BAD866400862A46 /* TeamService.swift */ = {isa = PBXFileReference; lastKnownFileType = sourcecode.swift; path = TeamService.swift; sourceTree = "<group>"; };
		CD6AAE562BAD885700862A46 /* TeamListDTO.swift */ = {isa = PBXFileReference; lastKnownFileType = sourcecode.swift; path = TeamListDTO.swift; sourceTree = "<group>"; };
		CD6AAE582BAD88FB00862A46 /* RecruitmentManager.swift */ = {isa = PBXFileReference; lastKnownFileType = sourcecode.swift; path = RecruitmentManager.swift; sourceTree = "<group>"; };
		CD6AAE5E2BADC93700862A46 /* TeamDetailView.swift */ = {isa = PBXFileReference; lastKnownFileType = sourcecode.swift; path = TeamDetailView.swift; sourceTree = "<group>"; };
		CDC064B62BA31F8200E24F70 /* ZANI.app */ = {isa = PBXFileReference; explicitFileType = wrapper.application; includeInIndex = 0; path = ZANI.app; sourceTree = BUILT_PRODUCTS_DIR; };
		CDC064B92BA31F8200E24F70 /* ZANIApp.swift */ = {isa = PBXFileReference; lastKnownFileType = sourcecode.swift; path = ZANIApp.swift; sourceTree = "<group>"; };
		CDC064BB2BA31F8200E24F70 /* ContentView.swift */ = {isa = PBXFileReference; lastKnownFileType = sourcecode.swift; path = ContentView.swift; sourceTree = "<group>"; };
		CDC064BD2BA31F8300E24F70 /* Assets.xcassets */ = {isa = PBXFileReference; lastKnownFileType = folder.assetcatalog; path = Assets.xcassets; sourceTree = "<group>"; };
		CDC064C02BA31F8300E24F70 /* Preview Assets.xcassets */ = {isa = PBXFileReference; lastKnownFileType = folder.assetcatalog; path = "Preview Assets.xcassets"; sourceTree = "<group>"; };
		CDC064CD2BA3289200E24F70 /* RecruitmentMain.swift */ = {isa = PBXFileReference; lastKnownFileType = sourcecode.swift; path = RecruitmentMain.swift; sourceTree = "<group>"; };
		CDC064CF2BA3289700E24F70 /* CommunityMain.swift */ = {isa = PBXFileReference; lastKnownFileType = sourcecode.swift; path = CommunityMain.swift; sourceTree = "<group>"; };
		CDC064D12BA3289E00E24F70 /* MyPageMain.swift */ = {isa = PBXFileReference; lastKnownFileType = sourcecode.swift; path = MyPageMain.swift; sourceTree = "<group>"; };
		CDC064D82BA37D9A00E24F70 /* ZaniCapsuleButton.swift */ = {isa = PBXFileReference; lastKnownFileType = sourcecode.swift; path = ZaniCapsuleButton.swift; sourceTree = "<group>"; };
		CDC064DA2BA37F0700E24F70 /* CreateTeamView.swift */ = {isa = PBXFileReference; lastKnownFileType = sourcecode.swift; path = CreateTeamView.swift; sourceTree = "<group>"; };
		CDC064DC2BA387E900E24F70 /* ZaniTextField.swift */ = {isa = PBXFileReference; lastKnownFileType = sourcecode.swift; path = ZaniTextField.swift; sourceTree = "<group>"; };
		CDC064DE2BA3892D00E24F70 /* ZaniMainButton.swift */ = {isa = PBXFileReference; lastKnownFileType = sourcecode.swift; path = ZaniMainButton.swift; sourceTree = "<group>"; };
		CDC064E02BA38B1900E24F70 /* ZaniNavigationBar.swift */ = {isa = PBXFileReference; lastKnownFileType = sourcecode.swift; path = ZaniNavigationBar.swift; sourceTree = "<group>"; };
		CDC064E52BA38F9B00E24F70 /* RecruitmentPageManager.swift */ = {isa = PBXFileReference; lastKnownFileType = sourcecode.swift; path = RecruitmentPageManager.swift; sourceTree = "<group>"; };
		CDC064FA2BA46ACA00E24F70 /* Info.plist */ = {isa = PBXFileReference; lastKnownFileType = text.plist; path = Info.plist; sourceTree = "<group>"; };
		CDC064FB2BA46B7700E24F70 /* Font + Utils.swift */ = {isa = PBXFileReference; lastKnownFileType = sourcecode.swift; path = "Font + Utils.swift"; sourceTree = "<group>"; };
		CDC064FD2BA4795600E24F70 /* View + Placeholder.swift */ = {isa = PBXFileReference; lastKnownFileType = sourcecode.swift; path = "View + Placeholder.swift"; sourceTree = "<group>"; };
		CDC064FF2BA4809000E24F70 /* SectionListView.swift */ = {isa = PBXFileReference; lastKnownFileType = sourcecode.swift; path = SectionListView.swift; sourceTree = "<group>"; };
		CDC065022BA4C98100E24F70 /* CreateTeamSection.swift */ = {isa = PBXFileReference; lastKnownFileType = sourcecode.swift; path = CreateTeamSection.swift; sourceTree = "<group>"; };
		CDC065162BA4CB2A00E24F70 /* FilterView.swift */ = {isa = PBXFileReference; lastKnownFileType = sourcecode.swift; path = FilterView.swift; sourceTree = "<group>"; };
		CDC88D242BAE9D49003E34AA /* MyPageRouter.swift */ = {isa = PBXFileReference; lastKnownFileType = sourcecode.swift; path = MyPageRouter.swift; sourceTree = "<group>"; };
		CDC88D262BAE9D5C003E34AA /* MyPageService.swift */ = {isa = PBXFileReference; lastKnownFileType = sourcecode.swift; path = MyPageService.swift; sourceTree = "<group>"; };
		CDC88D2A2BAEA22E003E34AA /* MyPageManager.swift */ = {isa = PBXFileReference; lastKnownFileType = sourcecode.swift; path = MyPageManager.swift; sourceTree = "<group>"; };
		CDC88D2C2BAEA577003E34AA /* FollowingRouter.swift */ = {isa = PBXFileReference; lastKnownFileType = sourcecode.swift; path = FollowingRouter.swift; sourceTree = "<group>"; };
		CDC88D2E2BAEAADF003E34AA /* FollowingService.swift */ = {isa = PBXFileReference; lastKnownFileType = sourcecode.swift; path = FollowingService.swift; sourceTree = "<group>"; };
		CDC88D312BAEACB1003E34AA /* FollowListDTO.swift */ = {isa = PBXFileReference; lastKnownFileType = sourcecode.swift; path = FollowListDTO.swift; sourceTree = "<group>"; };
		CDC88D332BAEC0D4003E34AA /* AllNightersRouter.swift */ = {isa = PBXFileReference; lastKnownFileType = sourcecode.swift; path = AllNightersRouter.swift; sourceTree = "<group>"; };
		CDC88D352BAEC0DB003E34AA /* AllNightersService.swift */ = {isa = PBXFileReference; lastKnownFileType = sourcecode.swift; path = AllNightersService.swift; sourceTree = "<group>"; };
		CDC88D372BAEC4CE003E34AA /* AllNightSummaryDTO.swift */ = {isa = PBXFileReference; lastKnownFileType = sourcecode.swift; path = AllNightSummaryDTO.swift; sourceTree = "<group>"; };
		CDCB74E92BAF512D008D6B63 /* StompClientManager.swift */ = {isa = PBXFileReference; lastKnownFileType = sourcecode.swift; path = StompClientManager.swift; sourceTree = "<group>"; };
		CDCB74EE2BAF6619008D6B63 /* ChattingMain.swift */ = {isa = PBXFileReference; lastKnownFileType = sourcecode.swift; path = ChattingMain.swift; sourceTree = "<group>"; };
		CDCB74F02BAF6A78008D6B63 /* ChattingRouter.swift */ = {isa = PBXFileReference; lastKnownFileType = sourcecode.swift; path = ChattingRouter.swift; sourceTree = "<group>"; };
		CDCB74F22BAF6B25008D6B63 /* ChattingService.swift */ = {isa = PBXFileReference; lastKnownFileType = sourcecode.swift; path = ChattingService.swift; sourceTree = "<group>"; };
		CDCB74F42BAF6B93008D6B63 /* ChatDTO.swift */ = {isa = PBXFileReference; lastKnownFileType = sourcecode.swift; path = ChatDTO.swift; sourceTree = "<group>"; };
		CDCB74F62BAF6F81008D6B63 /* ChattingManager.swift */ = {isa = PBXFileReference; lastKnownFileType = sourcecode.swift; path = ChattingManager.swift; sourceTree = "<group>"; };
/* End PBXFileReference section */

/* Begin PBXFrameworksBuildPhase section */
		CDC064B32BA31F8200E24F70 /* Frameworks */ = {
			isa = PBXFrameworksBuildPhase;
			buildActionMask = 2147483647;
			files = (
				CD25EC1F2BAC993600A36B3A /* KakaoSDKCommon in Frameworks */,
				CD25EC232BAC993600A36B3A /* KakaoSDKFriendCore in Frameworks */,
				CD25EC1D2BAC993600A36B3A /* KakaoSDKCertCore in Frameworks */,
				CD25EC272BAC993600A36B3A /* KakaoSDKShare in Frameworks */,
				CD25EC172BAC993600A36B3A /* KakaoSDK in Frameworks */,
				CD25EC192BAC993600A36B3A /* KakaoSDKAuth in Frameworks */,
				CD25EC252BAC993600A36B3A /* KakaoSDKNavi in Frameworks */,
				CDCB74ED2BAF516B008D6B63 /* Starscream in Frameworks */,
				CD25EC292BAC993600A36B3A /* KakaoSDKTalk in Frameworks */,
				CD25EC2D2BAC993600A36B3A /* KakaoSDKUser in Frameworks */,
				CD25EC1B2BAC993600A36B3A /* KakaoSDKCert in Frameworks */,
				CD25EC2B2BAC993600A36B3A /* KakaoSDKTemplate in Frameworks */,
				CD25EC212BAC993600A36B3A /* KakaoSDKFriend in Frameworks */,
				CDD706FF2BACAA3A00AEC4B8 /* Alamofire in Frameworks */,
			);
			runOnlyForDeploymentPostprocessing = 0;
		};
/* End PBXFrameworksBuildPhase section */

/* Begin PBXGroup section */
		CD25EBD32BA9515A00A36B3A /* Auth */ = {
			isa = PBXGroup;
			children = (
				CD6AAE382BAD335700862A46 /* Service */,
				CD25EBF82BAB198800A36B3A /* ViewModel */,
				CD25EBD72BA958D300A36B3A /* View */,
				CD25EBD62BA958D000A36B3A /* Model */,
			);
			path = Auth;
			sourceTree = "<group>";
		};
		CD25EBD62BA958D000A36B3A /* Model */ = {
			isa = PBXGroup;
			children = (
				CD6AAE412BAD34A100862A46 /* DTO */,
				CD25EBD82BA958E600A36B3A /* LoginType.swift */,
				CD25EBE02BA9760700A36B3A /* AuthTextFieldType.swift */,
			);
			path = Model;
			sourceTree = "<group>";
		};
		CD25EBD72BA958D300A36B3A /* View */ = {
			isa = PBXGroup;
			children = (
				CD25EBD42BA951B500A36B3A /* AuthMainView.swift */,
				CD25EBDA2BA959FC00A36B3A /* AuthTextField.swift */,
				CD25EBDE2BA96DAC00A36B3A /* SignUpView.swift */,
				CD25EBE22BA97ECE00A36B3A /* SignUpDoneView.swift */,
				CD25EBE62BA9807A00A36B3A /* SignInView.swift */,
			);
			path = View;
			sourceTree = "<group>";
		};
		CD25EBE82BAAD82900A36B3A /* Model */ = {
			isa = PBXGroup;
			children = (
				CD25EBF32BAB166100A36B3A /* MoonLevel.swift */,
			);
			path = Model;
			sourceTree = "<group>";
		};
		CD25EBF52BAB193500A36B3A /* View */ = {
			isa = PBXGroup;
			children = (
				CDC064D12BA3289E00E24F70 /* MyPageMain.swift */,
				CD25EBE92BAAD8C400A36B3A /* MyPageCalendarView.swift */,
				CD25EBEB2BAB02C200A36B3A /* ChangeNicknameView.swift */,
				CD25EBEF2BAB08AB00A36B3A /* MateListView.swift */,
				CD25EBF12BAB0F2600A36B3A /* MateDetailView.swift */,
			);
			path = View;
			sourceTree = "<group>";
		};
		CD25EBF62BAB197600A36B3A /* ViewModel */ = {
			isa = PBXGroup;
			children = (
				CDC88D302BAEACAB003E34AA /* DTO */,
				CD25EBED2BAB051400A36B3A /* MyPagePageManager.swift */,
				CDC88D2A2BAEA22E003E34AA /* MyPageManager.swift */,
			);
			path = ViewModel;
			sourceTree = "<group>";
		};
		CD25EBF72BAB197E00A36B3A /* ViewModel */ = {
			isa = PBXGroup;
			children = (
				CDC064E52BA38F9B00E24F70 /* RecruitmentPageManager.swift */,
				CD6AAE582BAD88FB00862A46 /* RecruitmentManager.swift */,
			);
			path = ViewModel;
			sourceTree = "<group>";
		};
		CD25EBF82BAB198800A36B3A /* ViewModel */ = {
			isa = PBXGroup;
			children = (
				CD25EBDC2BA96D0900A36B3A /* AuthPageManager.swift */,
				CD25EC332BACA05100A36B3A /* LoginManager.swift */,
			);
			path = ViewModel;
			sourceTree = "<group>";
		};
		CD25EBFE2BAC4EAC00A36B3A /* Network */ = {
			isa = PBXGroup;
			children = (
				CD25EBFF2BAC4EB200A36B3A /* Bases */,
			);
			path = Network;
			sourceTree = "<group>";
		};
		CD25EBFF2BAC4EB200A36B3A /* Bases */ = {
			isa = PBXGroup;
			children = (
				CD6AAE2C2BAD206000862A46 /* BaseURL.swift */,
				CD6AAE3B2BAD338A00862A46 /* GeneralResponse.swift */,
				CD6AAE3D2BAD33CE00862A46 /* NetworkResult.swift */,
				CD6AAE462BAD73FA00862A46 /* BaseRouter.swift */,
				CD6AAE4C2BAD7A2100862A46 /* BaseService.swift */,
			);
			path = Bases;
			sourceTree = "<group>";
		};
		CD3AA6C12BB6931800C589B8 /* View */ = {
			isa = PBXGroup;
			children = (
				CD3AA6C52BB693C900C589B8 /* MateMain.swift */,
				CD3AA6C92BB6A88B00C589B8 /* NightWaitingView.swift */,
				CD3AA6CD2BB6B76C00C589B8 /* NightMateListView.swift */,
			);
			path = View;
			sourceTree = "<group>";
		};
		CD3AA6C22BB6932000C589B8 /* Model */ = {
			isa = PBXGroup;
			children = (
				CD3AA6CB2BB6B06300C589B8 /* NightDisplayType.swift */,
			);
			path = Model;
			sourceTree = "<group>";
		};
		CD3AA6C32BB6932400C589B8 /* ViewModel */ = {
			isa = PBXGroup;
			children = (
				CDCB74F62BAF6F81008D6B63 /* ChattingManager.swift */,
			);
			path = ViewModel;
			sourceTree = "<group>";
		};
		CD3AA6C42BB6932800C589B8 /* Service */ = {
			isa = PBXGroup;
			children = (
			);
			path = Service;
			sourceTree = "<group>";
		};
		CD6AAE382BAD335700862A46 /* Service */ = {
			isa = PBXGroup;
			children = (
				CD6AAE482BAD74B100862A46 /* AuthRouter.swift */,
				CD6AAE4A2BAD74DD00862A46 /* AuthService.swift */,
				CD6AAE4E2BAD7BFB00862A46 /* UserRouter.swift */,
				CD6AAE422BAD59D300862A46 /* UserService.swift */,
			);
			path = Service;
			sourceTree = "<group>";
		};
		CD6AAE412BAD34A100862A46 /* DTO */ = {
			isa = PBXGroup;
			children = (
				CD6AAE3F2BAD33EC00862A46 /* SignUpDTO.swift */,
				CD6AAE442BAD5D2100862A46 /* UserInfoDTO.swift */,
			);
			path = DTO;
			sourceTree = "<group>";
		};
		CD6AAE502BAD865100862A46 /* Service */ = {
			isa = PBXGroup;
			children = (
				CD6AAE512BAD865C00862A46 /* TeamRouter.swift */,
				CD6AAE532BAD866400862A46 /* TeamService.swift */,
			);
			path = Service;
			sourceTree = "<group>";
		};
		CD6AAE552BAD884A00862A46 /* DTO */ = {
			isa = PBXGroup;
			children = (
				CD6AAE562BAD885700862A46 /* TeamListDTO.swift */,
			);
			path = DTO;
			sourceTree = "<group>";
		};
		CDC064AD2BA31F8200E24F70 = {
			isa = PBXGroup;
			children = (
				CDC064B82BA31F8200E24F70 /* ZANI */,
				CDC064B72BA31F8200E24F70 /* Products */,
			);
			sourceTree = "<group>";
		};
		CDC064B72BA31F8200E24F70 /* Products */ = {
			isa = PBXGroup;
			children = (
				CDC064B62BA31F8200E24F70 /* ZANI.app */,
			);
			name = Products;
			sourceTree = "<group>";
		};
		CDC064B82BA31F8200E24F70 /* ZANI */ = {
			isa = PBXGroup;
			children = (
				CDC064E72BA46A4800E24F70 /* Fonts */,
				CD25EBFE2BAC4EAC00A36B3A /* Network */,
				CD25EBD32BA9515A00A36B3A /* Auth */,
				CDC064FA2BA46ACA00E24F70 /* Info.plist */,
				CDC064D32BA32A1E00E24F70 /* Util */,
				CDC064CA2BA3281D00E24F70 /* Mate */,
				CDC064C92BA3281C00E24F70 /* Recruitment */,
				CDC064C82BA3281A00E24F70 /* Community */,
				CDC064C72BA3281800E24F70 /* MyPage */,
				CDC064B92BA31F8200E24F70 /* ZANIApp.swift */,
				CDC064BB2BA31F8200E24F70 /* ContentView.swift */,
				CDC064BD2BA31F8300E24F70 /* Assets.xcassets */,
				CDC064BF2BA31F8300E24F70 /* Preview Content */,
				CD25EC2F2BAC9CD900A36B3A /* AppDelegate.swift */,
				CD25EC312BAC9E0000A36B3A /* SceneDelegate.swift */,
				012382D02BAF66770048CC2D /* AccessKeys.xcconfig */,
			);
			path = ZANI;
			sourceTree = "<group>";
		};
		CDC064BF2BA31F8300E24F70 /* Preview Content */ = {
			isa = PBXGroup;
			children = (
				CDC064C02BA31F8300E24F70 /* Preview Assets.xcassets */,
			);
			path = "Preview Content";
			sourceTree = "<group>";
		};
		CDC064C72BA3281800E24F70 /* MyPage */ = {
			isa = PBXGroup;
			children = (
				CDC88D232BAE9D41003E34AA /* Service */,
				CD25EBF62BAB197600A36B3A /* ViewModel */,
				CD25EBF52BAB193500A36B3A /* View */,
				CD25EBE82BAAD82900A36B3A /* Model */,
			);
			path = MyPage;
			sourceTree = "<group>";
		};
		CDC064C82BA3281A00E24F70 /* Community */ = {
			isa = PBXGroup;
			children = (
				CDC064CF2BA3289700E24F70 /* CommunityMain.swift */,
			);
			path = Community;
			sourceTree = "<group>";
		};
		CDC064C92BA3281C00E24F70 /* Recruitment */ = {
			isa = PBXGroup;
			children = (
				CD6AAE502BAD865100862A46 /* Service */,
				CD25EBF72BAB197E00A36B3A /* ViewModel */,
				CDC065012BA4C97900E24F70 /* Model */,
				CDC064E42BA38F8100E24F70 /* View */,
				CDCB74E92BAF512D008D6B63 /* StompClientManager.swift */,
			);
			path = Recruitment;
			sourceTree = "<group>";
		};
		CDC064CA2BA3281D00E24F70 /* Mate */ = {
			isa = PBXGroup;
			children = (
				CD3AA6C42BB6932800C589B8 /* Service */,
				CD3AA6C32BB6932400C589B8 /* ViewModel */,
				CD3AA6C22BB6932000C589B8 /* Model */,
				CD3AA6C12BB6931800C589B8 /* View */,
				CDCB74EE2BAF6619008D6B63 /* ChattingMain.swift */,
			);
			path = Mate;
			sourceTree = "<group>";
		};
		CDC064D32BA32A1E00E24F70 /* Util */ = {
			isa = PBXGroup;
			children = (
				CDC064E32BA38C1D00E24F70 /* ZaniKit */,
				CDC064E22BA38C1400E24F70 /* Extension */,
			);
			path = Util;
			sourceTree = "<group>";
		};
		CDC064E22BA38C1400E24F70 /* Extension */ = {
			isa = PBXGroup;
			children = (
				CDC064FB2BA46B7700E24F70 /* Font + Utils.swift */,
				CDC064FD2BA4795600E24F70 /* View + Placeholder.swift */,
			);
			path = Extension;
			sourceTree = "<group>";
		};
		CDC064E32BA38C1D00E24F70 /* ZaniKit */ = {
			isa = PBXGroup;
			children = (
				CDC064D82BA37D9A00E24F70 /* ZaniCapsuleButton.swift */,
				CDC064DC2BA387E900E24F70 /* ZaniTextField.swift */,
				CDC064DE2BA3892D00E24F70 /* ZaniMainButton.swift */,
				CDC064E02BA38B1900E24F70 /* ZaniNavigationBar.swift */,
			);
			path = ZaniKit;
			sourceTree = "<group>";
		};
		CDC064E42BA38F8100E24F70 /* View */ = {
			isa = PBXGroup;
			children = (
				CDC064CD2BA3289200E24F70 /* RecruitmentMain.swift */,
				CDC064DA2BA37F0700E24F70 /* CreateTeamView.swift */,
				CDC064FF2BA4809000E24F70 /* SectionListView.swift */,
				CDC065162BA4CB2A00E24F70 /* FilterView.swift */,
				CD6AAE5E2BADC93700862A46 /* TeamDetailView.swift */,
				CD3AA6C72BB6A1E200C589B8 /* RecruitTeamCapsule.swift */,
			);
			path = View;
			sourceTree = "<group>";
		};
		CDC064E72BA46A4800E24F70 /* Fonts */ = {
			isa = PBXGroup;
			children = (
				CD25EC082BAC6D1400A36B3A /* Pretendard-Black.otf */,
				CD25EC0B2BAC6D1500A36B3A /* Pretendard-Bold.otf */,
				CD25EC042BAC6D1400A36B3A /* Pretendard-ExtraBold.otf */,
				CD25EC052BAC6D1400A36B3A /* Pretendard-ExtraLight.otf */,
				CD25EC062BAC6D1400A36B3A /* Pretendard-Light.otf */,
				CD25EC072BAC6D1400A36B3A /* Pretendard-Medium.otf */,
				CD25EC032BAC6D1400A36B3A /* Pretendard-Regular.otf */,
				CD25EC092BAC6D1500A36B3A /* Pretendard-SemiBold.otf */,
				CD25EC0A2BAC6D1500A36B3A /* Pretendard-Thin.otf */,
			);
			path = Fonts;
			sourceTree = "<group>";
		};
		CDC065012BA4C97900E24F70 /* Model */ = {
			isa = PBXGroup;
			children = (
				CD6AAE552BAD884A00862A46 /* DTO */,
				CDC065022BA4C98100E24F70 /* CreateTeamSection.swift */,
				CD25EBD12BA8A70300A36B3A /* FilterCategory.swift */,
			);
			path = Model;
			sourceTree = "<group>";
		};
		CDC88D232BAE9D41003E34AA /* Service */ = {
			isa = PBXGroup;
			children = (
				CDC88D242BAE9D49003E34AA /* MyPageRouter.swift */,
				CDC88D262BAE9D5C003E34AA /* MyPageService.swift */,
				CDC88D2C2BAEA577003E34AA /* FollowingRouter.swift */,
				CDC88D2E2BAEAADF003E34AA /* FollowingService.swift */,
				CDC88D332BAEC0D4003E34AA /* AllNightersRouter.swift */,
				CDC88D352BAEC0DB003E34AA /* AllNightersService.swift */,
				CDCB74F02BAF6A78008D6B63 /* ChattingRouter.swift */,
				CDCB74F22BAF6B25008D6B63 /* ChattingService.swift */,
			);
			path = Service;
			sourceTree = "<group>";
		};
		CDC88D302BAEACAB003E34AA /* DTO */ = {
			isa = PBXGroup;
			children = (
				CDC88D312BAEACB1003E34AA /* FollowListDTO.swift */,
				CDC88D372BAEC4CE003E34AA /* AllNightSummaryDTO.swift */,
				CDCB74F42BAF6B93008D6B63 /* ChatDTO.swift */,
			);
			path = DTO;
			sourceTree = "<group>";
		};
/* End PBXGroup section */

/* Begin PBXNativeTarget section */
		CDC064B52BA31F8200E24F70 /* ZANI */ = {
			isa = PBXNativeTarget;
			buildConfigurationList = CDC064C42BA31F8300E24F70 /* Build configuration list for PBXNativeTarget "ZANI" */;
			buildPhases = (
				CDC064B22BA31F8200E24F70 /* Sources */,
				CDC064B32BA31F8200E24F70 /* Frameworks */,
				CDC064B42BA31F8200E24F70 /* Resources */,
			);
			buildRules = (
			);
			dependencies = (
			);
			name = ZANI;
			packageProductDependencies = (
				CD25EC162BAC993600A36B3A /* KakaoSDK */,
				CD25EC182BAC993600A36B3A /* KakaoSDKAuth */,
				CD25EC1A2BAC993600A36B3A /* KakaoSDKCert */,
				CD25EC1C2BAC993600A36B3A /* KakaoSDKCertCore */,
				CD25EC1E2BAC993600A36B3A /* KakaoSDKCommon */,
				CD25EC202BAC993600A36B3A /* KakaoSDKFriend */,
				CD25EC222BAC993600A36B3A /* KakaoSDKFriendCore */,
				CD25EC242BAC993600A36B3A /* KakaoSDKNavi */,
				CD25EC262BAC993600A36B3A /* KakaoSDKShare */,
				CD25EC282BAC993600A36B3A /* KakaoSDKTalk */,
				CD25EC2A2BAC993600A36B3A /* KakaoSDKTemplate */,
				CD25EC2C2BAC993600A36B3A /* KakaoSDKUser */,
				CDD706FE2BACAA3A00AEC4B8 /* Alamofire */,
				CDCB74EC2BAF516B008D6B63 /* Starscream */,
			);
			productName = ZANI;
			productReference = CDC064B62BA31F8200E24F70 /* ZANI.app */;
			productType = "com.apple.product-type.application";
		};
/* End PBXNativeTarget section */

/* Begin PBXProject section */
		CDC064AE2BA31F8200E24F70 /* Project object */ = {
			isa = PBXProject;
			attributes = {
				BuildIndependentTargetsInParallel = 1;
				LastSwiftUpdateCheck = 1510;
				LastUpgradeCheck = 1510;
				TargetAttributes = {
					CDC064B52BA31F8200E24F70 = {
						CreatedOnToolsVersion = 15.1;
					};
				};
			};
			buildConfigurationList = CDC064B12BA31F8200E24F70 /* Build configuration list for PBXProject "ZANI" */;
			compatibilityVersion = "Xcode 14.0";
			developmentRegion = en;
			hasScannedForEncodings = 0;
			knownRegions = (
				en,
				Base,
			);
			mainGroup = CDC064AD2BA31F8200E24F70;
			packageReferences = (
				CD25EC152BAC993600A36B3A /* XCRemoteSwiftPackageReference "kakao-ios-sdk" */,
				CDD706FD2BACAA3A00AEC4B8 /* XCRemoteSwiftPackageReference "Alamofire" */,
				CDCB74EB2BAF516B008D6B63 /* XCRemoteSwiftPackageReference "Starscream" */,
			);
			productRefGroup = CDC064B72BA31F8200E24F70 /* Products */;
			projectDirPath = "";
			projectRoot = "";
			targets = (
				CDC064B52BA31F8200E24F70 /* ZANI */,
			);
		};
/* End PBXProject section */

/* Begin PBXResourcesBuildPhase section */
		CDC064B42BA31F8200E24F70 /* Resources */ = {
			isa = PBXResourcesBuildPhase;
			buildActionMask = 2147483647;
			files = (
				CD25EC0E2BAC6D1500A36B3A /* Pretendard-ExtraLight.otf in Resources */,
				CD25EC142BAC6D1500A36B3A /* Pretendard-Bold.otf in Resources */,
				CD25EC112BAC6D1500A36B3A /* Pretendard-Black.otf in Resources */,
				CD25EC0C2BAC6D1500A36B3A /* Pretendard-Regular.otf in Resources */,
				CD25EC102BAC6D1500A36B3A /* Pretendard-Medium.otf in Resources */,
				CDC064C12BA31F8300E24F70 /* Preview Assets.xcassets in Resources */,
				CD25EC0F2BAC6D1500A36B3A /* Pretendard-Light.otf in Resources */,
				CD25EC132BAC6D1500A36B3A /* Pretendard-Thin.otf in Resources */,
				CD25EC0D2BAC6D1500A36B3A /* Pretendard-ExtraBold.otf in Resources */,
				CD25EC122BAC6D1500A36B3A /* Pretendard-SemiBold.otf in Resources */,
				CDC064BE2BA31F8300E24F70 /* Assets.xcassets in Resources */,
			);
			runOnlyForDeploymentPostprocessing = 0;
		};
/* End PBXResourcesBuildPhase section */

/* Begin PBXSourcesBuildPhase section */
		CDC064B22BA31F8200E24F70 /* Sources */ = {
			isa = PBXSourcesBuildPhase;
			buildActionMask = 2147483647;
			files = (
				CD25EBF02BAB08AB00A36B3A /* MateListView.swift in Sources */,
				CD25EBE32BA97ECE00A36B3A /* SignUpDoneView.swift in Sources */,
				CD6AAE472BAD73FB00862A46 /* BaseRouter.swift in Sources */,
				CDC064FC2BA46B7700E24F70 /* Font + Utils.swift in Sources */,
				CD25EBF22BAB0F2600A36B3A /* MateDetailView.swift in Sources */,
				CD25EBEE2BAB051400A36B3A /* MyPagePageManager.swift in Sources */,
				CD6AAE5F2BADC93700862A46 /* TeamDetailView.swift in Sources */,
				CD25EBEA2BAAD8C400A36B3A /* MyPageCalendarView.swift in Sources */,
				CDC064BC2BA31F8200E24F70 /* ContentView.swift in Sources */,
				CD25EBD92BA958E600A36B3A /* LoginType.swift in Sources */,
				CDC064E62BA38F9B00E24F70 /* RecruitmentPageManager.swift in Sources */,
				CD6AAE2D2BAD206000862A46 /* BaseURL.swift in Sources */,
				CD25EBD52BA951B500A36B3A /* AuthMainView.swift in Sources */,
				CDC064E12BA38B1900E24F70 /* ZaniNavigationBar.swift in Sources */,
				CD25EBDF2BA96DAC00A36B3A /* SignUpView.swift in Sources */,
				CDC88D2D2BAEA577003E34AA /* FollowingRouter.swift in Sources */,
				CD25EBDB2BA959FC00A36B3A /* AuthTextField.swift in Sources */,
				CDC065172BA4CB2A00E24F70 /* FilterView.swift in Sources */,
				CD6AAE542BAD866400862A46 /* TeamService.swift in Sources */,
				CD3AA6C62BB693C900C589B8 /* MateMain.swift in Sources */,
				CDC064DF2BA3892D00E24F70 /* ZaniMainButton.swift in Sources */,
				CD25EBF42BAB166100A36B3A /* MoonLevel.swift in Sources */,
				CD6AAE4B2BAD74DD00862A46 /* AuthService.swift in Sources */,
				CD3AA6CC2BB6B06300C589B8 /* NightDisplayType.swift in Sources */,
				CD3AA6CA2BB6A88B00C589B8 /* NightWaitingView.swift in Sources */,
				CDC88D2F2BAEAADF003E34AA /* FollowingService.swift in Sources */,
				CDCB74EA2BAF512D008D6B63 /* StompClientManager.swift in Sources */,
				CD3AA6CE2BB6B76C00C589B8 /* NightMateListView.swift in Sources */,
				CD6AAE4D2BAD7A2100862A46 /* BaseService.swift in Sources */,
				CD6AAE522BAD865C00862A46 /* TeamRouter.swift in Sources */,
				CDC064DD2BA387E900E24F70 /* ZaniTextField.swift in Sources */,
				CD25EBDD2BA96D0900A36B3A /* AuthPageManager.swift in Sources */,
				CD3AA6C82BB6A1E200C589B8 /* RecruitTeamCapsule.swift in Sources */,
				CDC88D342BAEC0D4003E34AA /* AllNightersRouter.swift in Sources */,
				CD6AAE592BAD88FB00862A46 /* RecruitmentManager.swift in Sources */,
				CDC064FE2BA4795600E24F70 /* View + Placeholder.swift in Sources */,
				CDC065032BA4C98100E24F70 /* CreateTeamSection.swift in Sources */,
				CDC88D382BAEC4CE003E34AA /* AllNightSummaryDTO.swift in Sources */,
				CDCB74F72BAF6F81008D6B63 /* ChattingManager.swift in Sources */,
				CDC88D272BAE9D5C003E34AA /* MyPageService.swift in Sources */,
				CD6AAE3E2BAD33CE00862A46 /* NetworkResult.swift in Sources */,
				CD6AAE452BAD5D2100862A46 /* UserInfoDTO.swift in Sources */,
				CDC88D322BAEACB1003E34AA /* FollowListDTO.swift in Sources */,
				CD6AAE3E2BAD33CE00862A46 /* NetworkResult.swift in Sources */,
				CD6AAE452BAD5D2100862A46 /* UserInfoDTO.swift in Sources */,
				CDC88D2B2BAEA22E003E34AA /* MyPageManager.swift in Sources */,
				CD25EBD22BA8A70300A36B3A /* FilterCategory.swift in Sources */,
				CD25EC322BAC9E0000A36B3A /* SceneDelegate.swift in Sources */,
				CDC064BA2BA31F8200E24F70 /* ZANIApp.swift in Sources */,
				CD6AAE402BAD33EC00862A46 /* SignUpDTO.swift in Sources */,
				CDC064DB2BA37F0700E24F70 /* CreateTeamView.swift in Sources */,
				CDC064D22BA3289E00E24F70 /* MyPageMain.swift in Sources */,
				CDC88D252BAE9D49003E34AA /* MyPageRouter.swift in Sources */,
				CDC88D362BAEC0DB003E34AA /* AllNightersService.swift in Sources */,
				CD6AAE4F2BAD7BFB00862A46 /* UserRouter.swift in Sources */,
				CD25EBE72BA9807A00A36B3A /* SignInView.swift in Sources */,
				CD6AAE492BAD74B100862A46 /* AuthRouter.swift in Sources */,
				CD25EBEC2BAB02C200A36B3A /* ChangeNicknameView.swift in Sources */,
				CDCB74F52BAF6B93008D6B63 /* ChatDTO.swift in Sources */,
				CD6AAE572BAD885700862A46 /* TeamListDTO.swift in Sources */,
				CDCB74EF2BAF6619008D6B63 /* ChattingMain.swift in Sources */,
				CDC065002BA4809000E24F70 /* SectionListView.swift in Sources */,
				CDCB74F32BAF6B25008D6B63 /* ChattingService.swift in Sources */,
				CD25EC302BAC9CD900A36B3A /* AppDelegate.swift in Sources */,
				CD25EC342BACA05100A36B3A /* LoginManager.swift in Sources */,
				CD6AAE3C2BAD338A00862A46 /* GeneralResponse.swift in Sources */,
				CDCB74F12BAF6A78008D6B63 /* ChattingRouter.swift in Sources */,
				CDC064D92BA37D9A00E24F70 /* ZaniCapsuleButton.swift in Sources */,
				CD6AAE432BAD59D300862A46 /* UserService.swift in Sources */,
				CDC064CE2BA3289200E24F70 /* RecruitmentMain.swift in Sources */,
				CDC064D02BA3289700E24F70 /* CommunityMain.swift in Sources */,
				CD25EBE12BA9760700A36B3A /* AuthTextFieldType.swift in Sources */,
			);
			runOnlyForDeploymentPostprocessing = 0;
		};
/* End PBXSourcesBuildPhase section */

/* Begin XCBuildConfiguration section */
		CDC064C22BA31F8300E24F70 /* Debug */ = {
			isa = XCBuildConfiguration;
			baseConfigurationReference = 012382D02BAF66770048CC2D /* AccessKeys.xcconfig */;
			buildSettings = {
				ALWAYS_SEARCH_USER_PATHS = NO;
				ASSETCATALOG_COMPILER_GENERATE_SWIFT_ASSET_SYMBOL_EXTENSIONS = YES;
				CLANG_ANALYZER_NONNULL = YES;
				CLANG_ANALYZER_NUMBER_OBJECT_CONVERSION = YES_AGGRESSIVE;
				CLANG_CXX_LANGUAGE_STANDARD = "gnu++20";
				CLANG_ENABLE_MODULES = YES;
				CLANG_ENABLE_OBJC_ARC = YES;
				CLANG_ENABLE_OBJC_WEAK = YES;
				CLANG_WARN_BLOCK_CAPTURE_AUTORELEASING = YES;
				CLANG_WARN_BOOL_CONVERSION = YES;
				CLANG_WARN_COMMA = YES;
				CLANG_WARN_CONSTANT_CONVERSION = YES;
				CLANG_WARN_DEPRECATED_OBJC_IMPLEMENTATIONS = YES;
				CLANG_WARN_DIRECT_OBJC_ISA_USAGE = YES_ERROR;
				CLANG_WARN_DOCUMENTATION_COMMENTS = YES;
				CLANG_WARN_EMPTY_BODY = YES;
				CLANG_WARN_ENUM_CONVERSION = YES;
				CLANG_WARN_INFINITE_RECURSION = YES;
				CLANG_WARN_INT_CONVERSION = YES;
				CLANG_WARN_NON_LITERAL_NULL_CONVERSION = YES;
				CLANG_WARN_OBJC_IMPLICIT_RETAIN_SELF = YES;
				CLANG_WARN_OBJC_LITERAL_CONVERSION = YES;
				CLANG_WARN_OBJC_ROOT_CLASS = YES_ERROR;
				CLANG_WARN_QUOTED_INCLUDE_IN_FRAMEWORK_HEADER = YES;
				CLANG_WARN_RANGE_LOOP_ANALYSIS = YES;
				CLANG_WARN_STRICT_PROTOTYPES = YES;
				CLANG_WARN_SUSPICIOUS_MOVE = YES;
				CLANG_WARN_UNGUARDED_AVAILABILITY = YES_AGGRESSIVE;
				CLANG_WARN_UNREACHABLE_CODE = YES;
				CLANG_WARN__DUPLICATE_METHOD_MATCH = YES;
				COPY_PHASE_STRIP = NO;
				DEBUG_INFORMATION_FORMAT = dwarf;
				ENABLE_STRICT_OBJC_MSGSEND = YES;
				ENABLE_TESTABILITY = YES;
				ENABLE_USER_SCRIPT_SANDBOXING = YES;
				GCC_C_LANGUAGE_STANDARD = gnu17;
				GCC_DYNAMIC_NO_PIC = NO;
				GCC_NO_COMMON_BLOCKS = YES;
				GCC_OPTIMIZATION_LEVEL = 0;
				GCC_PREPROCESSOR_DEFINITIONS = (
					"DEBUG=1",
					"$(inherited)",
				);
				GCC_WARN_64_TO_32_BIT_CONVERSION = YES;
				GCC_WARN_ABOUT_RETURN_TYPE = YES_ERROR;
				GCC_WARN_UNDECLARED_SELECTOR = YES;
				GCC_WARN_UNINITIALIZED_AUTOS = YES_AGGRESSIVE;
				GCC_WARN_UNUSED_FUNCTION = YES;
				GCC_WARN_UNUSED_VARIABLE = YES;
				IPHONEOS_DEPLOYMENT_TARGET = 16.0;
				LOCALIZATION_PREFERS_STRING_CATALOGS = YES;
				MTL_ENABLE_DEBUG_INFO = INCLUDE_SOURCE;
				MTL_FAST_MATH = YES;
				ONLY_ACTIVE_ARCH = YES;
				SDKROOT = iphoneos;
				SWIFT_ACTIVE_COMPILATION_CONDITIONS = "DEBUG $(inherited)";
				SWIFT_OPTIMIZATION_LEVEL = "-Onone";
			};
			name = Debug;
		};
		CDC064C32BA31F8300E24F70 /* Release */ = {
			isa = XCBuildConfiguration;
			baseConfigurationReference = 012382D02BAF66770048CC2D /* AccessKeys.xcconfig */;
			buildSettings = {
				ALWAYS_SEARCH_USER_PATHS = NO;
				ASSETCATALOG_COMPILER_GENERATE_SWIFT_ASSET_SYMBOL_EXTENSIONS = YES;
				CLANG_ANALYZER_NONNULL = YES;
				CLANG_ANALYZER_NUMBER_OBJECT_CONVERSION = YES_AGGRESSIVE;
				CLANG_CXX_LANGUAGE_STANDARD = "gnu++20";
				CLANG_ENABLE_MODULES = YES;
				CLANG_ENABLE_OBJC_ARC = YES;
				CLANG_ENABLE_OBJC_WEAK = YES;
				CLANG_WARN_BLOCK_CAPTURE_AUTORELEASING = YES;
				CLANG_WARN_BOOL_CONVERSION = YES;
				CLANG_WARN_COMMA = YES;
				CLANG_WARN_CONSTANT_CONVERSION = YES;
				CLANG_WARN_DEPRECATED_OBJC_IMPLEMENTATIONS = YES;
				CLANG_WARN_DIRECT_OBJC_ISA_USAGE = YES_ERROR;
				CLANG_WARN_DOCUMENTATION_COMMENTS = YES;
				CLANG_WARN_EMPTY_BODY = YES;
				CLANG_WARN_ENUM_CONVERSION = YES;
				CLANG_WARN_INFINITE_RECURSION = YES;
				CLANG_WARN_INT_CONVERSION = YES;
				CLANG_WARN_NON_LITERAL_NULL_CONVERSION = YES;
				CLANG_WARN_OBJC_IMPLICIT_RETAIN_SELF = YES;
				CLANG_WARN_OBJC_LITERAL_CONVERSION = YES;
				CLANG_WARN_OBJC_ROOT_CLASS = YES_ERROR;
				CLANG_WARN_QUOTED_INCLUDE_IN_FRAMEWORK_HEADER = YES;
				CLANG_WARN_RANGE_LOOP_ANALYSIS = YES;
				CLANG_WARN_STRICT_PROTOTYPES = YES;
				CLANG_WARN_SUSPICIOUS_MOVE = YES;
				CLANG_WARN_UNGUARDED_AVAILABILITY = YES_AGGRESSIVE;
				CLANG_WARN_UNREACHABLE_CODE = YES;
				CLANG_WARN__DUPLICATE_METHOD_MATCH = YES;
				COPY_PHASE_STRIP = NO;
				DEBUG_INFORMATION_FORMAT = "dwarf-with-dsym";
				ENABLE_NS_ASSERTIONS = NO;
				ENABLE_STRICT_OBJC_MSGSEND = YES;
				ENABLE_USER_SCRIPT_SANDBOXING = YES;
				GCC_C_LANGUAGE_STANDARD = gnu17;
				GCC_NO_COMMON_BLOCKS = YES;
				GCC_WARN_64_TO_32_BIT_CONVERSION = YES;
				GCC_WARN_ABOUT_RETURN_TYPE = YES_ERROR;
				GCC_WARN_UNDECLARED_SELECTOR = YES;
				GCC_WARN_UNINITIALIZED_AUTOS = YES_AGGRESSIVE;
				GCC_WARN_UNUSED_FUNCTION = YES;
				GCC_WARN_UNUSED_VARIABLE = YES;
				IPHONEOS_DEPLOYMENT_TARGET = 16.0;
				LOCALIZATION_PREFERS_STRING_CATALOGS = YES;
				MTL_ENABLE_DEBUG_INFO = NO;
				MTL_FAST_MATH = YES;
				SDKROOT = iphoneos;
				SWIFT_COMPILATION_MODE = wholemodule;
				VALIDATE_PRODUCT = YES;
			};
			name = Release;
		};
		CDC064C52BA31F8300E24F70 /* Debug */ = {
			isa = XCBuildConfiguration;
			baseConfigurationReference = 012382D02BAF66770048CC2D /* AccessKeys.xcconfig */;
			buildSettings = {
				ASSETCATALOG_COMPILER_APPICON_NAME = AppIcon;
				ASSETCATALOG_COMPILER_GLOBAL_ACCENT_COLOR_NAME = AccentColor;
				CODE_SIGN_IDENTITY = "Apple Development";
				CODE_SIGN_STYLE = Automatic;
				CURRENT_PROJECT_VERSION = 1;
				DEVELOPMENT_ASSET_PATHS = "\"ZANI/Preview Content\"";
				DEVELOPMENT_TEAM = N8RU5UJH68;
				ENABLE_PREVIEWS = YES;
				GENERATE_INFOPLIST_FILE = YES;
				INFOPLIST_FILE = ZANI/Info.plist;
				INFOPLIST_KEY_UIApplicationSceneManifest_Generation = YES;
				INFOPLIST_KEY_UIApplicationSupportsIndirectInputEvents = YES;
				INFOPLIST_KEY_UILaunchScreen_Generation = YES;
				INFOPLIST_KEY_UISupportedInterfaceOrientations_iPad = "UIInterfaceOrientationPortrait UIInterfaceOrientationPortraitUpsideDown UIInterfaceOrientationLandscapeLeft UIInterfaceOrientationLandscapeRight";
				INFOPLIST_KEY_UISupportedInterfaceOrientations_iPhone = "UIInterfaceOrientationPortrait UIInterfaceOrientationLandscapeLeft UIInterfaceOrientationLandscapeRight";
				IPHONEOS_DEPLOYMENT_TARGET = 16.0;
				LD_RUNPATH_SEARCH_PATHS = (
					"$(inherited)",
					"@executable_path/Frameworks",
				);
				MARKETING_VERSION = 1.0;
				PRODUCT_BUNDLE_IDENTIFIER = com.dohyeon.ZANI;
				PRODUCT_NAME = "$(TARGET_NAME)";
				PROVISIONING_PROFILE_SPECIFIER = "";
				SWIFT_EMIT_LOC_STRINGS = YES;
				SWIFT_VERSION = 5.0;
				TARGETED_DEVICE_FAMILY = "1,2";
			};
			name = Debug;
		};
		CDC064C62BA31F8300E24F70 /* Release */ = {
			isa = XCBuildConfiguration;
			baseConfigurationReference = 012382D02BAF66770048CC2D /* AccessKeys.xcconfig */;
			buildSettings = {
				ASSETCATALOG_COMPILER_APPICON_NAME = AppIcon;
				ASSETCATALOG_COMPILER_GLOBAL_ACCENT_COLOR_NAME = AccentColor;
				CODE_SIGN_IDENTITY = "Apple Development";
				CODE_SIGN_STYLE = Automatic;
				CURRENT_PROJECT_VERSION = 1;
				DEVELOPMENT_ASSET_PATHS = "\"ZANI/Preview Content\"";
				DEVELOPMENT_TEAM = N8RU5UJH68;
				ENABLE_PREVIEWS = YES;
				GENERATE_INFOPLIST_FILE = YES;
				INFOPLIST_FILE = ZANI/Info.plist;
				INFOPLIST_KEY_UIApplicationSceneManifest_Generation = YES;
				INFOPLIST_KEY_UIApplicationSupportsIndirectInputEvents = YES;
				INFOPLIST_KEY_UILaunchScreen_Generation = YES;
				INFOPLIST_KEY_UISupportedInterfaceOrientations_iPad = "UIInterfaceOrientationPortrait UIInterfaceOrientationPortraitUpsideDown UIInterfaceOrientationLandscapeLeft UIInterfaceOrientationLandscapeRight";
				INFOPLIST_KEY_UISupportedInterfaceOrientations_iPhone = "UIInterfaceOrientationPortrait UIInterfaceOrientationLandscapeLeft UIInterfaceOrientationLandscapeRight";
				IPHONEOS_DEPLOYMENT_TARGET = 16.0;
				LD_RUNPATH_SEARCH_PATHS = (
					"$(inherited)",
					"@executable_path/Frameworks",
				);
				MARKETING_VERSION = 1.0;
				PRODUCT_BUNDLE_IDENTIFIER = com.dohyeon.ZANI;
				PRODUCT_NAME = "$(TARGET_NAME)";
				PROVISIONING_PROFILE_SPECIFIER = "";
				SWIFT_EMIT_LOC_STRINGS = YES;
				SWIFT_VERSION = 5.0;
				TARGETED_DEVICE_FAMILY = "1,2";
			};
			name = Release;
		};
/* End XCBuildConfiguration section */

/* Begin XCConfigurationList section */
		CDC064B12BA31F8200E24F70 /* Build configuration list for PBXProject "ZANI" */ = {
			isa = XCConfigurationList;
			buildConfigurations = (
				CDC064C22BA31F8300E24F70 /* Debug */,
				CDC064C32BA31F8300E24F70 /* Release */,
			);
			defaultConfigurationIsVisible = 0;
			defaultConfigurationName = Release;
		};
		CDC064C42BA31F8300E24F70 /* Build configuration list for PBXNativeTarget "ZANI" */ = {
			isa = XCConfigurationList;
			buildConfigurations = (
				CDC064C52BA31F8300E24F70 /* Debug */,
				CDC064C62BA31F8300E24F70 /* Release */,
			);
			defaultConfigurationIsVisible = 0;
			defaultConfigurationName = Release;
		};
/* End XCConfigurationList section */

/* Begin XCRemoteSwiftPackageReference section */
		CD25EC152BAC993600A36B3A /* XCRemoteSwiftPackageReference "kakao-ios-sdk" */ = {
			isa = XCRemoteSwiftPackageReference;
			repositoryURL = "https://github.com/kakao/kakao-ios-sdk";
			requirement = {
				kind = upToNextMajorVersion;
				minimumVersion = 2.21.1;
			};
		};
		CDCB74EB2BAF516B008D6B63 /* XCRemoteSwiftPackageReference "Starscream" */ = {
			isa = XCRemoteSwiftPackageReference;
			repositoryURL = "https://github.com/daltoniam/Starscream.git";
			requirement = {
				kind = upToNextMajorVersion;
				minimumVersion = 4.0.8;
			};
		};
		CDD706FD2BACAA3A00AEC4B8 /* XCRemoteSwiftPackageReference "Alamofire" */ = {
			isa = XCRemoteSwiftPackageReference;
			repositoryURL = "https://github.com/Alamofire/Alamofire.git";
			requirement = {
				kind = upToNextMajorVersion;
				minimumVersion = 5.9.0;
			};
		};
/* End XCRemoteSwiftPackageReference section */

/* Begin XCSwiftPackageProductDependency section */
		CD25EC162BAC993600A36B3A /* KakaoSDK */ = {
			isa = XCSwiftPackageProductDependency;
			package = CD25EC152BAC993600A36B3A /* XCRemoteSwiftPackageReference "kakao-ios-sdk" */;
			productName = KakaoSDK;
		};
		CD25EC182BAC993600A36B3A /* KakaoSDKAuth */ = {
			isa = XCSwiftPackageProductDependency;
			package = CD25EC152BAC993600A36B3A /* XCRemoteSwiftPackageReference "kakao-ios-sdk" */;
			productName = KakaoSDKAuth;
		};
		CD25EC1A2BAC993600A36B3A /* KakaoSDKCert */ = {
			isa = XCSwiftPackageProductDependency;
			package = CD25EC152BAC993600A36B3A /* XCRemoteSwiftPackageReference "kakao-ios-sdk" */;
			productName = KakaoSDKCert;
		};
		CD25EC1C2BAC993600A36B3A /* KakaoSDKCertCore */ = {
			isa = XCSwiftPackageProductDependency;
			package = CD25EC152BAC993600A36B3A /* XCRemoteSwiftPackageReference "kakao-ios-sdk" */;
			productName = KakaoSDKCertCore;
		};
		CD25EC1E2BAC993600A36B3A /* KakaoSDKCommon */ = {
			isa = XCSwiftPackageProductDependency;
			package = CD25EC152BAC993600A36B3A /* XCRemoteSwiftPackageReference "kakao-ios-sdk" */;
			productName = KakaoSDKCommon;
		};
		CD25EC202BAC993600A36B3A /* KakaoSDKFriend */ = {
			isa = XCSwiftPackageProductDependency;
			package = CD25EC152BAC993600A36B3A /* XCRemoteSwiftPackageReference "kakao-ios-sdk" */;
			productName = KakaoSDKFriend;
		};
		CD25EC222BAC993600A36B3A /* KakaoSDKFriendCore */ = {
			isa = XCSwiftPackageProductDependency;
			package = CD25EC152BAC993600A36B3A /* XCRemoteSwiftPackageReference "kakao-ios-sdk" */;
			productName = KakaoSDKFriendCore;
		};
		CD25EC242BAC993600A36B3A /* KakaoSDKNavi */ = {
			isa = XCSwiftPackageProductDependency;
			package = CD25EC152BAC993600A36B3A /* XCRemoteSwiftPackageReference "kakao-ios-sdk" */;
			productName = KakaoSDKNavi;
		};
		CD25EC262BAC993600A36B3A /* KakaoSDKShare */ = {
			isa = XCSwiftPackageProductDependency;
			package = CD25EC152BAC993600A36B3A /* XCRemoteSwiftPackageReference "kakao-ios-sdk" */;
			productName = KakaoSDKShare;
		};
		CD25EC282BAC993600A36B3A /* KakaoSDKTalk */ = {
			isa = XCSwiftPackageProductDependency;
			package = CD25EC152BAC993600A36B3A /* XCRemoteSwiftPackageReference "kakao-ios-sdk" */;
			productName = KakaoSDKTalk;
		};
		CD25EC2A2BAC993600A36B3A /* KakaoSDKTemplate */ = {
			isa = XCSwiftPackageProductDependency;
			package = CD25EC152BAC993600A36B3A /* XCRemoteSwiftPackageReference "kakao-ios-sdk" */;
			productName = KakaoSDKTemplate;
		};
		CD25EC2C2BAC993600A36B3A /* KakaoSDKUser */ = {
			isa = XCSwiftPackageProductDependency;
			package = CD25EC152BAC993600A36B3A /* XCRemoteSwiftPackageReference "kakao-ios-sdk" */;
			productName = KakaoSDKUser;
		};
		CDCB74EC2BAF516B008D6B63 /* Starscream */ = {
			isa = XCSwiftPackageProductDependency;
			package = CDCB74EB2BAF516B008D6B63 /* XCRemoteSwiftPackageReference "Starscream" */;
			productName = Starscream;
		};
		CDD706FE2BACAA3A00AEC4B8 /* Alamofire */ = {
			isa = XCSwiftPackageProductDependency;
			package = CDD706FD2BACAA3A00AEC4B8 /* XCRemoteSwiftPackageReference "Alamofire" */;
			productName = Alamofire;
		};
/* End XCSwiftPackageProductDependency section */
	};
	rootObject = CDC064AE2BA31F8200E24F70 /* Project object */;
}
